// !$*UTF8*$!
{
	archiveVersion = 1;
	classes = {
	};
	objectVersion = 50;
	objects = {

/* Begin PBXBuildFile section */
		310A6B98211FD0850026A412 /* CircleButton.swift in Sources */ = {isa = PBXBuildFile; fileRef = 310A6B97211FD0850026A412 /* CircleButton.swift */; };
		310A6B9A212063420026A412 /* CALayer+RuntimeAttribute.swift in Sources */ = {isa = PBXBuildFile; fileRef = 310A6B99212063420026A412 /* CALayer+RuntimeAttribute.swift */; };
		310A6B9C212064470026A412 /* UIView+Extended.swift in Sources */ = {isa = PBXBuildFile; fileRef = 310A6B9B212064470026A412 /* UIView+Extended.swift */; };
		310A6B9E212064AE0026A412 /* UIButton+Extended.swift in Sources */ = {isa = PBXBuildFile; fileRef = 310A6B9D212064AE0026A412 /* UIButton+Extended.swift */; };
		310A6BA021206C460026A412 /* AccountData.swift in Sources */ = {isa = PBXBuildFile; fileRef = 310A6B9F21206C460026A412 /* AccountData.swift */; };
		310CC240213D95EB0091AADF /* PaddingLabel.swift in Sources */ = {isa = PBXBuildFile; fileRef = 310CC23F213D95EB0091AADF /* PaddingLabel.swift */; };
		310FB05521269E0100C917E7 /* UITextField+Extended.swift in Sources */ = {isa = PBXBuildFile; fileRef = 310FB05421269E0000C917E7 /* UITextField+Extended.swift */; };
		310FB0572126F30100C917E7 /* UIWindow+Extended.swift in Sources */ = {isa = PBXBuildFile; fileRef = 310FB0562126F30100C917E7 /* UIWindow+Extended.swift */; };
		310FB0592126F49C00C917E7 /* HomeViewController.swift in Sources */ = {isa = PBXBuildFile; fileRef = 310FB0582126F49C00C917E7 /* HomeViewController.swift */; };
		310FB05B2126F6DD00C917E7 /* Write.storyboard in Resources */ = {isa = PBXBuildFile; fileRef = 310FB05A2126F6DD00C917E7 /* Write.storyboard */; };
		310FB05D2126F6EC00C917E7 /* WriteViewController.swift in Sources */ = {isa = PBXBuildFile; fileRef = 310FB05C2126F6EC00C917E7 /* WriteViewController.swift */; };
		310FB05F212702CF00C917E7 /* ArticleService.swift in Sources */ = {isa = PBXBuildFile; fileRef = 310FB05E212702CF00C917E7 /* ArticleService.swift */; };
		310FB0612127264900C917E7 /* Rule.storyboard in Resources */ = {isa = PBXBuildFile; fileRef = 310FB0602127264900C917E7 /* Rule.storyboard */; };
		310FB063212728AE00C917E7 /* RuleViewController.swift in Sources */ = {isa = PBXBuildFile; fileRef = 310FB062212728AE00C917E7 /* RuleViewController.swift */; };
		310FB06521272CD500C917E7 /* Privacy.storyboard in Resources */ = {isa = PBXBuildFile; fileRef = 310FB06421272CD500C917E7 /* Privacy.storyboard */; };
		310FB06721272CE700C917E7 /* PrivacyViewController.swift in Sources */ = {isa = PBXBuildFile; fileRef = 310FB06621272CE700C917E7 /* PrivacyViewController.swift */; };
		310FB0692127B64D00C917E7 /* Account.storyboard in Resources */ = {isa = PBXBuildFile; fileRef = 310FB0682127B64D00C917E7 /* Account.storyboard */; };
		310FB06B2127B6DE00C917E7 /* AccountTableViewController.swift in Sources */ = {isa = PBXBuildFile; fileRef = 310FB06A2127B6DE00C917E7 /* AccountTableViewController.swift */; };
		310FB06D2127B88000C917E7 /* UIPlaceHolderTextView.swift in Sources */ = {isa = PBXBuildFile; fileRef = 310FB06C2127B88000C917E7 /* UIPlaceHolderTextView.swift */; };
		310FB06F2127B8F600C917E7 /* PaddingTextField.swift in Sources */ = {isa = PBXBuildFile; fileRef = 310FB06E2127B8F600C917E7 /* PaddingTextField.swift */; };
		310FB0712127BA4E00C917E7 /* UnderlineTextField.swift in Sources */ = {isa = PBXBuildFile; fileRef = 310FB0702127BA4E00C917E7 /* UnderlineTextField.swift */; };
		310FB074212800EA00C917E7 /* ArticleTableViewCell.swift in Sources */ = {isa = PBXBuildFile; fileRef = 310FB073212800EA00C917E7 /* ArticleTableViewCell.swift */; };
		310FB076212802DF00C917E7 /* Article.swift in Sources */ = {isa = PBXBuildFile; fileRef = 310FB075212802DF00C917E7 /* Article.swift */; };
		310FB07821283EBF00C917E7 /* Faq.storyboard in Resources */ = {isa = PBXBuildFile; fileRef = 310FB07721283EBF00C917E7 /* Faq.storyboard */; };
		310FB07B2128442400C917E7 /* FaqTableViewCell.swift in Sources */ = {isa = PBXBuildFile; fileRef = 310FB07A2128442400C917E7 /* FaqTableViewCell.swift */; };
		310FB07D212844AF00C917E7 /* FaqViewController.swift in Sources */ = {isa = PBXBuildFile; fileRef = 310FB07C212844AF00C917E7 /* FaqViewController.swift */; };
		311017A22120932500E6B343 /* CircleSexButton.swift in Sources */ = {isa = PBXBuildFile; fileRef = 311017A12120932500E6B343 /* CircleSexButton.swift */; };
		312804FD2116EA9A00357E5C /* Search.storyboard in Resources */ = {isa = PBXBuildFile; fileRef = 312804FC2116EA9A00357E5C /* Search.storyboard */; };
		312805002116EBB400357E5C /* Chat.storyboard in Resources */ = {isa = PBXBuildFile; fileRef = 312804FF2116EBB400357E5C /* Chat.storyboard */; };
		312805032116ECF700357E5C /* Notice.storyboard in Resources */ = {isa = PBXBuildFile; fileRef = 312805022116ECF700357E5C /* Notice.storyboard */; };
		312805062116F00D00357E5C /* UtilManager.swift in Sources */ = {isa = PBXBuildFile; fileRef = 312805052116F00D00357E5C /* UtilManager.swift */; };
		312805082116F54900357E5C /* Constants.swift in Sources */ = {isa = PBXBuildFile; fileRef = 312805072116F54900357E5C /* Constants.swift */; };
		3128050A2116FA9700357E5C /* GoogleService-Info-dev.plist in Resources */ = {isa = PBXBuildFile; fileRef = 312805092116FA9700357E5C /* GoogleService-Info-dev.plist */; };
		312805142117047400357E5C /* NotoSansCJKjpSub-Black.otf in Resources */ = {isa = PBXBuildFile; fileRef = 3128050D2117047400357E5C /* NotoSansCJKjpSub-Black.otf */; };
		312805152117047400357E5C /* NotoSansCJKjpSub-Regular.otf in Resources */ = {isa = PBXBuildFile; fileRef = 3128050E2117047400357E5C /* NotoSansCJKjpSub-Regular.otf */; };
		312805162117047400357E5C /* NotoSansCJKjpSub-Bold.otf in Resources */ = {isa = PBXBuildFile; fileRef = 3128050F2117047400357E5C /* NotoSansCJKjpSub-Bold.otf */; };
		312805172117047400357E5C /* NotoSansCJKjpSub-Thin.otf in Resources */ = {isa = PBXBuildFile; fileRef = 312805102117047400357E5C /* NotoSansCJKjpSub-Thin.otf */; };
		312805182117047400357E5C /* NotoSansCJKjpSub-Medium.otf in Resources */ = {isa = PBXBuildFile; fileRef = 312805112117047400357E5C /* NotoSansCJKjpSub-Medium.otf */; };
		312805192117047400357E5C /* NotoSansCJKjpSub-Light.otf in Resources */ = {isa = PBXBuildFile; fileRef = 312805122117047400357E5C /* NotoSansCJKjpSub-Light.otf */; };
		3128051A2117047400357E5C /* NotoSansCJKjpSub-DemiLight.otf in Resources */ = {isa = PBXBuildFile; fileRef = 312805132117047400357E5C /* NotoSansCJKjpSub-DemiLight.otf */; };
		31386D6B21324718008E82D0 /* R.generated.swift in Sources */ = {isa = PBXBuildFile; fileRef = 31386D6A21324718008E82D0 /* R.generated.swift */; };
		31386D7421324C5E008E82D0 /* ChatRoom.swift in Sources */ = {isa = PBXBuildFile; fileRef = 31386D7321324C5E008E82D0 /* ChatRoom.swift */; };
		31386D7621324DE6008E82D0 /* FirebaseCommon.swift in Sources */ = {isa = PBXBuildFile; fileRef = 31386D7521324DE6008E82D0 /* FirebaseCommon.swift */; };
		31386D782132733D008E82D0 /* ChatRoomService.swift in Sources */ = {isa = PBXBuildFile; fileRef = 31386D772132733D008E82D0 /* ChatRoomService.swift */; };
		31386D7A2132D469008E82D0 /* IndicatorView.xib in Resources */ = {isa = PBXBuildFile; fileRef = 31386D792132D469008E82D0 /* IndicatorView.xib */; };
		31386D7C2132DBE0008E82D0 /* ChatMessageService.swift in Sources */ = {isa = PBXBuildFile; fileRef = 31386D7B2132DBE0008E82D0 /* ChatMessageService.swift */; };
		31386D7E2132E156008E82D0 /* Array+Extended.swift in Sources */ = {isa = PBXBuildFile; fileRef = 31386D7D2132E156008E82D0 /* Array+Extended.swift */; };
		3150B9FF2113373900DB3512 /* AppDelegate.swift in Sources */ = {isa = PBXBuildFile; fileRef = 3150B9FE2113373900DB3512 /* AppDelegate.swift */; };
		3150BA012113373900DB3512 /* ViewController.swift in Sources */ = {isa = PBXBuildFile; fileRef = 3150BA002113373900DB3512 /* ViewController.swift */; };
		3150BA042113373900DB3512 /* Main.storyboard in Resources */ = {isa = PBXBuildFile; fileRef = 3150BA022113373900DB3512 /* Main.storyboard */; };
		3150BA062113373A00DB3512 /* Assets.xcassets in Resources */ = {isa = PBXBuildFile; fileRef = 3150BA052113373A00DB3512 /* Assets.xcassets */; };
		3150BA092113373A00DB3512 /* LaunchScreen.storyboard in Resources */ = {isa = PBXBuildFile; fileRef = 3150BA072113373A00DB3512 /* LaunchScreen.storyboard */; };
		315E0D57212192C40068924A /* UserDeviceInfo.swift in Sources */ = {isa = PBXBuildFile; fileRef = 315E0D56212192C40068924A /* UserDeviceInfo.swift */; };
		315E0D5A2121ACBB0068924A /* ProfileEditViewModel.swift in Sources */ = {isa = PBXBuildFile; fileRef = 315E0D592121ACBB0068924A /* ProfileEditViewModel.swift */; };
		315E0D5C2121C60D0068924A /* ViewController+Extended.swift in Sources */ = {isa = PBXBuildFile; fileRef = 315E0D5B2121C60D0068924A /* ViewController+Extended.swift */; };
		3168A065211886F1002B0440 /* Profile.storyboard in Resources */ = {isa = PBXBuildFile; fileRef = 3168A064211886F1002B0440 /* Profile.storyboard */; };
		3168A0672118898A002B0440 /* ProfileEditTableViewController.swift in Sources */ = {isa = PBXBuildFile; fileRef = 3168A0662118898A002B0440 /* ProfileEditTableViewController.swift */; };
		3168A06E2119BA29002B0440 /* Person.swift in Sources */ = {isa = PBXBuildFile; fileRef = 3168A06D2119BA29002B0440 /* Person.swift */; };
		3168A0702119BA54002B0440 /* Message.swift in Sources */ = {isa = PBXBuildFile; fileRef = 3168A06F2119BA54002B0440 /* Message.swift */; };
		3168A0722119BA98002B0440 /* ChatMessage.swift in Sources */ = {isa = PBXBuildFile; fileRef = 3168A0712119BA98002B0440 /* ChatMessage.swift */; };
		3168A0742119BAC8002B0440 /* ChatMedia.swift in Sources */ = {isa = PBXBuildFile; fileRef = 3168A0732119BAC8002B0440 /* ChatMedia.swift */; };
		3168A0792119C2E8002B0440 /* UserService.swift in Sources */ = {isa = PBXBuildFile; fileRef = 3168A0782119C2E8002B0440 /* UserService.swift */; };
		3168A07B2119C41C002B0440 /* LoginUser.swift in Sources */ = {isa = PBXBuildFile; fileRef = 3168A07A2119C41C002B0440 /* LoginUser.swift */; };
		3177545421400CCB0055AC5E /* ChatMessageKitCell.swift in Sources */ = {isa = PBXBuildFile; fileRef = 3177545121400CCB0055AC5E /* ChatMessageKitCell.swift */; };
		3177545521400CCB0055AC5E /* ChatPhotoCell.swift in Sources */ = {isa = PBXBuildFile; fileRef = 3177545221400CCB0055AC5E /* ChatPhotoCell.swift */; };
		31775459214010700055AC5E /* UIImageView+Extended.swift in Sources */ = {isa = PBXBuildFile; fileRef = 31775458214010700055AC5E /* UIImageView+Extended.swift */; };
		317EDDDB21396C9F00A7B651 /* ChatRoomListCell.swift in Sources */ = {isa = PBXBuildFile; fileRef = 317EDDDA21396C9F00A7B651 /* ChatRoomListCell.swift */; };
		317EDDDD21396ED100A7B651 /* UITableView+Extended.swift in Sources */ = {isa = PBXBuildFile; fileRef = 317EDDDC21396ED100A7B651 /* UITableView+Extended.swift */; };
		317EDDDF21396F4C00A7B651 /* NSObject+Extended.swift in Sources */ = {isa = PBXBuildFile; fileRef = 317EDDDE21396F4C00A7B651 /* NSObject+Extended.swift */; };
		317EDDE121398EC800A7B651 /* UsersData.swift in Sources */ = {isa = PBXBuildFile; fileRef = 317EDDE021398EC800A7B651 /* UsersData.swift */; };
		318108A5211584FD00C10946 /* .gitkeep in Resources */ = {isa = PBXBuildFile; fileRef = 31810899211584FC00C10946 /* .gitkeep */; };
		318108A6211584FD00C10946 /* PagingViewController.swift in Sources */ = {isa = PBXBuildFile; fileRef = 3181089B211584FC00C10946 /* PagingViewController.swift */; };
		318108A7211584FD00C10946 /* MenuItemView.swift in Sources */ = {isa = PBXBuildFile; fileRef = 3181089C211584FC00C10946 /* MenuItemView.swift */; };
		318108A8211584FD00C10946 /* .gitkeep in Resources */ = {isa = PBXBuildFile; fileRef = 3181089D211584FC00C10946 /* .gitkeep */; };
		318108A9211584FD00C10946 /* PagingMenuController.swift in Sources */ = {isa = PBXBuildFile; fileRef = 3181089E211584FC00C10946 /* PagingMenuController.swift */; };
		318108AA211584FD00C10946 /* MenuView.swift in Sources */ = {isa = PBXBuildFile; fileRef = 3181089F211584FC00C10946 /* MenuView.swift */; };
		318108AB211584FD00C10946 /* MenuItemViewCustomizable.swift in Sources */ = {isa = PBXBuildFile; fileRef = 318108A1211584FC00C10946 /* MenuItemViewCustomizable.swift */; };
		318108AC211584FD00C10946 /* Pagable.swift in Sources */ = {isa = PBXBuildFile; fileRef = 318108A2211584FC00C10946 /* Pagable.swift */; };
		318108AD211584FD00C10946 /* MenuViewCustomizable.swift in Sources */ = {isa = PBXBuildFile; fileRef = 318108A3211584FC00C10946 /* MenuViewCustomizable.swift */; };
		318108AE211584FD00C10946 /* PagingMenuControllerCustomizable.swift in Sources */ = {isa = PBXBuildFile; fileRef = 318108A4211584FC00C10946 /* PagingMenuControllerCustomizable.swift */; };
		319A26B0212675A000769A6E /* Alert.swift in Sources */ = {isa = PBXBuildFile; fileRef = 319A26AB212675A000769A6E /* Alert.swift */; };
		319A26B1212675A000769A6E /* Log.swift in Sources */ = {isa = PBXBuildFile; fileRef = 319A26AC212675A000769A6E /* Log.swift */; };
		319A26B2212675A000769A6E /* Authorization.swift in Sources */ = {isa = PBXBuildFile; fileRef = 319A26AD212675A000769A6E /* Authorization.swift */; };
		319A26B3212675A000769A6E /* ActionSheet.swift in Sources */ = {isa = PBXBuildFile; fileRef = 319A26AE212675A000769A6E /* ActionSheet.swift */; };
		319A26B4212675A000769A6E /* PhotoRequester.swift in Sources */ = {isa = PBXBuildFile; fileRef = 319A26AF212675A000769A6E /* PhotoRequester.swift */; };
		319CE1422115990200347092 /* MainTabViewController.swift in Sources */ = {isa = PBXBuildFile; fileRef = 319CE1412115990200347092 /* MainTabViewController.swift */; };
		31B707C3213A384000A2D95E /* UserBlock.swift in Sources */ = {isa = PBXBuildFile; fileRef = 31B707C2213A384000A2D95E /* UserBlock.swift */; };
		31B707C5213A384C00A2D95E /* UserBlocked.swift in Sources */ = {isa = PBXBuildFile; fileRef = 31B707C4213A384C00A2D95E /* UserBlocked.swift */; };
		31B707C7213A3DD600A2D95E /* UserBlockService.swift in Sources */ = {isa = PBXBuildFile; fileRef = 31B707C6213A3DD600A2D95E /* UserBlockService.swift */; };
		31B707C9213A3DE200A2D95E /* UserBlockedService.swift in Sources */ = {isa = PBXBuildFile; fileRef = 31B707C8213A3DE200A2D95E /* UserBlockedService.swift */; };
		31B707CB213A800B00A2D95E /* BlockList.storyboard in Resources */ = {isa = PBXBuildFile; fileRef = 31B707CA213A800B00A2D95E /* BlockList.storyboard */; };
		31B707CD213A802000A2D95E /* BlockListViewController.swift in Sources */ = {isa = PBXBuildFile; fileRef = 31B707CC213A802000A2D95E /* BlockListViewController.swift */; };
		31B707CF213A931500A2D95E /* BlockListCell.swift in Sources */ = {isa = PBXBuildFile; fileRef = 31B707CE213A931500A2D95E /* BlockListCell.swift */; };
		31B707D1213AE91E00A2D95E /* NoticeViewController.swift in Sources */ = {isa = PBXBuildFile; fileRef = 31B707D0213AE91E00A2D95E /* NoticeViewController.swift */; };
		31B707D3213AE96700A2D95E /* FootPrint.storyboard in Resources */ = {isa = PBXBuildFile; fileRef = 31B707D2213AE96700A2D95E /* FootPrint.storyboard */; };
		31B707D5213AF7ED00A2D95E /* FootPrintViewController.swift in Sources */ = {isa = PBXBuildFile; fileRef = 31B707D4213AF7ED00A2D95E /* FootPrintViewController.swift */; };
		31BA1425213410CA00DB4958 /* SVProgressHUD.framework in Frameworks */ = {isa = PBXBuildFile; fileRef = 31BA1424213410CA00DB4958 /* SVProgressHUD.framework */; };
		31BE63D12115D26000E43982 /* NVActivityIndicatorView+Extended.swift in Sources */ = {isa = PBXBuildFile; fileRef = 31BE63D02115D26000E43982 /* NVActivityIndicatorView+Extended.swift */; };
		31BE63D32115D2E300E43982 /* UIColor+Extended.swift in Sources */ = {isa = PBXBuildFile; fileRef = 31BE63D22115D2E300E43982 /* UIColor+Extended.swift */; };
		31BE63D62115D89300E43982 /* MyPage.storyboard in Resources */ = {isa = PBXBuildFile; fileRef = 31BE63D52115D89300E43982 /* MyPage.storyboard */; };
		31BE63DA2115ECA800E43982 /* MyProfileViewController.swift in Sources */ = {isa = PBXBuildFile; fileRef = 31BE63D92115ECA800E43982 /* MyProfileViewController.swift */; };
		31BE63DF2115F10D00E43982 /* SettingTableViewController.swift in Sources */ = {isa = PBXBuildFile; fileRef = 31BE63DE2115F10C00E43982 /* SettingTableViewController.swift */; };
		31BE63E22115F3DD00E43982 /* Home.storyboard in Resources */ = {isa = PBXBuildFile; fileRef = 31BE63E12115F3DD00E43982 /* Home.storyboard */; };
		31BF4BC321423616003F6F40 /* Article.storyboard in Resources */ = {isa = PBXBuildFile; fileRef = 31BF4BC221423616003F6F40 /* Article.storyboard */; };
		31BF4BC521423632003F6F40 /* ArticleListViewController.swift in Sources */ = {isa = PBXBuildFile; fileRef = 31BF4BC421423632003F6F40 /* ArticleListViewController.swift */; };
		31BF4BCB21423959003F6F40 /* ArticleTableViewCell.xib in Resources */ = {isa = PBXBuildFile; fileRef = 31BF4BC921423959003F6F40 /* ArticleTableViewCell.xib */; };
		31BF4BCE2142BAB4003F6F40 /* ProfileCell.swift in Sources */ = {isa = PBXBuildFile; fileRef = 31BF4BCC2142BAB4003F6F40 /* ProfileCell.swift */; };
		31BF4BCF2142BAB4003F6F40 /* ProfileCell.xib in Resources */ = {isa = PBXBuildFile; fileRef = 31BF4BCD2142BAB4003F6F40 /* ProfileCell.xib */; };
		31C7348721357381009E8241 /* PushNotification.swift in Sources */ = {isa = PBXBuildFile; fileRef = 31C7348621357381009E8241 /* PushNotification.swift */; };
		31C7354F2135C6E6009E8241 /* SwiftMessages.framework in Frameworks */ = {isa = PBXBuildFile; fileRef = 31C7354E2135C6E6009E8241 /* SwiftMessages.framework */; };
		31C735562136CEF2009E8241 /* Compass.framework in Frameworks */ = {isa = PBXBuildFile; fileRef = 31C735552136CEF2009E8241 /* Compass.framework */; };
		31C735582137034C009E8241 /* Date+Extended.swift in Sources */ = {isa = PBXBuildFile; fileRef = 31C735572137034C009E8241 /* Date+Extended.swift */; };
		31C7355A213722B3009E8241 /* ChatRoomListViewController.swift in Sources */ = {isa = PBXBuildFile; fileRef = 31C73559213722B3009E8241 /* ChatRoomListViewController.swift */; };
		31C92B4321341478004C7130 /* DZNEmptyDataSet.framework in Frameworks */ = {isa = PBXBuildFile; fileRef = 31C92B4221341478004C7130 /* DZNEmptyDataSet.framework */; };
		31C92B45213414B4004C7130 /* MessageKit.framework in Frameworks */ = {isa = PBXBuildFile; fileRef = 31C92B44213414B4004C7130 /* MessageKit.framework */; };
		31C92B4721341508004C7130 /* Nuke.framework in Frameworks */ = {isa = PBXBuildFile; fileRef = 31C92B4621341508004C7130 /* Nuke.framework */; };
		31C92B4921341518004C7130 /* NVActivityIndicatorView.framework in Frameworks */ = {isa = PBXBuildFile; fileRef = 31C92B4821341518004C7130 /* NVActivityIndicatorView.framework */; };
		31C92B4B21341564004C7130 /* NVActivityIndicatorViewAppExtension.framework in Frameworks */ = {isa = PBXBuildFile; fileRef = 31C92B4A21341564004C7130 /* NVActivityIndicatorViewAppExtension.framework */; };
		31C92B4D21341585004C7130 /* NSObject_Rx.framework in Frameworks */ = {isa = PBXBuildFile; fileRef = 31C92B4C21341585004C7130 /* NSObject_Rx.framework */; };
		31C92B4F213415CC004C7130 /* SDWebImage.framework in Frameworks */ = {isa = PBXBuildFile; fileRef = 31C92B4E213415CC004C7130 /* SDWebImage.framework */; };
		31C92B512134167E004C7130 /* SwiftDate.framework in Frameworks */ = {isa = PBXBuildFile; fileRef = 31C92B502134167E004C7130 /* SwiftDate.framework */; };
		31ED9E0E212D8DCA00D1E96E /* DotBadgeView.swift in Sources */ = {isa = PBXBuildFile; fileRef = 31ED9E0D212D8DCA00D1E96E /* DotBadgeView.swift */; };
		31ED9E10212DB7D100D1E96E /* Message.storyboard in Resources */ = {isa = PBXBuildFile; fileRef = 31ED9E0F212DB7D100D1E96E /* Message.storyboard */; };
		31ED9E12212DB9FA00D1E96E /* ChatMessageViewController.swift in Sources */ = {isa = PBXBuildFile; fileRef = 31ED9E11212DB9FA00D1E96E /* ChatMessageViewController.swift */; };
		6105ACEAF942718AD7D24580 /* Pods_PlateChat.framework in Frameworks */ = {isa = PBXBuildFile; fileRef = D1AB3658E29F073094B7957A /* Pods_PlateChat.framework */; };
/* End PBXBuildFile section */

/* Begin PBXFileReference section */
		310A6B97211FD0850026A412 /* CircleButton.swift */ = {isa = PBXFileReference; lastKnownFileType = sourcecode.swift; path = CircleButton.swift; sourceTree = "<group>"; };
		310A6B99212063420026A412 /* CALayer+RuntimeAttribute.swift */ = {isa = PBXFileReference; lastKnownFileType = sourcecode.swift; path = "CALayer+RuntimeAttribute.swift"; sourceTree = "<group>"; };
		310A6B9B212064470026A412 /* UIView+Extended.swift */ = {isa = PBXFileReference; lastKnownFileType = sourcecode.swift; path = "UIView+Extended.swift"; sourceTree = "<group>"; };
		310A6B9D212064AE0026A412 /* UIButton+Extended.swift */ = {isa = PBXFileReference; lastKnownFileType = sourcecode.swift; path = "UIButton+Extended.swift"; sourceTree = "<group>"; };
		310A6B9F21206C460026A412 /* AccountData.swift */ = {isa = PBXFileReference; lastKnownFileType = sourcecode.swift; path = AccountData.swift; sourceTree = "<group>"; };
		310CC23F213D95EB0091AADF /* PaddingLabel.swift */ = {isa = PBXFileReference; lastKnownFileType = sourcecode.swift; path = PaddingLabel.swift; sourceTree = "<group>"; };
		310FB05421269E0000C917E7 /* UITextField+Extended.swift */ = {isa = PBXFileReference; fileEncoding = 4; lastKnownFileType = sourcecode.swift; path = "UITextField+Extended.swift"; sourceTree = "<group>"; };
		310FB0562126F30100C917E7 /* UIWindow+Extended.swift */ = {isa = PBXFileReference; lastKnownFileType = sourcecode.swift; path = "UIWindow+Extended.swift"; sourceTree = "<group>"; };
		310FB0582126F49C00C917E7 /* HomeViewController.swift */ = {isa = PBXFileReference; lastKnownFileType = sourcecode.swift; path = HomeViewController.swift; sourceTree = "<group>"; };
		310FB05A2126F6DD00C917E7 /* Write.storyboard */ = {isa = PBXFileReference; lastKnownFileType = file.storyboard; path = Write.storyboard; sourceTree = "<group>"; };
		310FB05C2126F6EC00C917E7 /* WriteViewController.swift */ = {isa = PBXFileReference; lastKnownFileType = sourcecode.swift; path = WriteViewController.swift; sourceTree = "<group>"; };
		310FB05E212702CF00C917E7 /* ArticleService.swift */ = {isa = PBXFileReference; lastKnownFileType = sourcecode.swift; path = ArticleService.swift; sourceTree = "<group>"; };
		310FB0602127264900C917E7 /* Rule.storyboard */ = {isa = PBXFileReference; lastKnownFileType = file.storyboard; path = Rule.storyboard; sourceTree = "<group>"; };
		310FB062212728AE00C917E7 /* RuleViewController.swift */ = {isa = PBXFileReference; lastKnownFileType = sourcecode.swift; path = RuleViewController.swift; sourceTree = "<group>"; };
		310FB06421272CD500C917E7 /* Privacy.storyboard */ = {isa = PBXFileReference; lastKnownFileType = file.storyboard; path = Privacy.storyboard; sourceTree = "<group>"; };
		310FB06621272CE700C917E7 /* PrivacyViewController.swift */ = {isa = PBXFileReference; lastKnownFileType = sourcecode.swift; path = PrivacyViewController.swift; sourceTree = "<group>"; };
		310FB0682127B64D00C917E7 /* Account.storyboard */ = {isa = PBXFileReference; lastKnownFileType = file.storyboard; path = Account.storyboard; sourceTree = "<group>"; };
		310FB06A2127B6DE00C917E7 /* AccountTableViewController.swift */ = {isa = PBXFileReference; lastKnownFileType = sourcecode.swift; path = AccountTableViewController.swift; sourceTree = "<group>"; };
		310FB06C2127B88000C917E7 /* UIPlaceHolderTextView.swift */ = {isa = PBXFileReference; lastKnownFileType = sourcecode.swift; path = UIPlaceHolderTextView.swift; sourceTree = "<group>"; };
		310FB06E2127B8F600C917E7 /* PaddingTextField.swift */ = {isa = PBXFileReference; lastKnownFileType = sourcecode.swift; path = PaddingTextField.swift; sourceTree = "<group>"; };
		310FB0702127BA4E00C917E7 /* UnderlineTextField.swift */ = {isa = PBXFileReference; lastKnownFileType = sourcecode.swift; path = UnderlineTextField.swift; sourceTree = "<group>"; };
		310FB073212800EA00C917E7 /* ArticleTableViewCell.swift */ = {isa = PBXFileReference; lastKnownFileType = sourcecode.swift; path = ArticleTableViewCell.swift; sourceTree = "<group>"; };
		310FB075212802DF00C917E7 /* Article.swift */ = {isa = PBXFileReference; lastKnownFileType = sourcecode.swift; path = Article.swift; sourceTree = "<group>"; };
		310FB07721283EBF00C917E7 /* Faq.storyboard */ = {isa = PBXFileReference; lastKnownFileType = file.storyboard; path = Faq.storyboard; sourceTree = "<group>"; };
		310FB07A2128442400C917E7 /* FaqTableViewCell.swift */ = {isa = PBXFileReference; fileEncoding = 4; lastKnownFileType = sourcecode.swift; path = FaqTableViewCell.swift; sourceTree = "<group>"; };
		310FB07C212844AF00C917E7 /* FaqViewController.swift */ = {isa = PBXFileReference; lastKnownFileType = sourcecode.swift; path = FaqViewController.swift; sourceTree = "<group>"; };
		311017A12120932500E6B343 /* CircleSexButton.swift */ = {isa = PBXFileReference; lastKnownFileType = sourcecode.swift; path = CircleSexButton.swift; sourceTree = "<group>"; };
		312804FC2116EA9A00357E5C /* Search.storyboard */ = {isa = PBXFileReference; lastKnownFileType = file.storyboard; path = Search.storyboard; sourceTree = "<group>"; };
		312804FF2116EBB400357E5C /* Chat.storyboard */ = {isa = PBXFileReference; lastKnownFileType = file.storyboard; path = Chat.storyboard; sourceTree = "<group>"; };
		312805022116ECF700357E5C /* Notice.storyboard */ = {isa = PBXFileReference; lastKnownFileType = file.storyboard; path = Notice.storyboard; sourceTree = "<group>"; };
		312805052116F00D00357E5C /* UtilManager.swift */ = {isa = PBXFileReference; fileEncoding = 4; lastKnownFileType = sourcecode.swift; path = UtilManager.swift; sourceTree = "<group>"; };
		312805072116F54900357E5C /* Constants.swift */ = {isa = PBXFileReference; lastKnownFileType = sourcecode.swift; path = Constants.swift; sourceTree = "<group>"; };
		312805092116FA9700357E5C /* GoogleService-Info-dev.plist */ = {isa = PBXFileReference; fileEncoding = 4; lastKnownFileType = text.plist.xml; path = "GoogleService-Info-dev.plist"; sourceTree = "<group>"; };
		3128050D2117047400357E5C /* NotoSansCJKjpSub-Black.otf */ = {isa = PBXFileReference; lastKnownFileType = file; path = "NotoSansCJKjpSub-Black.otf"; sourceTree = "<group>"; };
		3128050E2117047400357E5C /* NotoSansCJKjpSub-Regular.otf */ = {isa = PBXFileReference; lastKnownFileType = file; path = "NotoSansCJKjpSub-Regular.otf"; sourceTree = "<group>"; };
		3128050F2117047400357E5C /* NotoSansCJKjpSub-Bold.otf */ = {isa = PBXFileReference; lastKnownFileType = file; path = "NotoSansCJKjpSub-Bold.otf"; sourceTree = "<group>"; };
		312805102117047400357E5C /* NotoSansCJKjpSub-Thin.otf */ = {isa = PBXFileReference; lastKnownFileType = file; path = "NotoSansCJKjpSub-Thin.otf"; sourceTree = "<group>"; };
		312805112117047400357E5C /* NotoSansCJKjpSub-Medium.otf */ = {isa = PBXFileReference; lastKnownFileType = file; path = "NotoSansCJKjpSub-Medium.otf"; sourceTree = "<group>"; };
		312805122117047400357E5C /* NotoSansCJKjpSub-Light.otf */ = {isa = PBXFileReference; lastKnownFileType = file; path = "NotoSansCJKjpSub-Light.otf"; sourceTree = "<group>"; };
		312805132117047400357E5C /* NotoSansCJKjpSub-DemiLight.otf */ = {isa = PBXFileReference; lastKnownFileType = file; path = "NotoSansCJKjpSub-DemiLight.otf"; sourceTree = "<group>"; };
		31386D6A21324718008E82D0 /* R.generated.swift */ = {isa = PBXFileReference; fileEncoding = 4; lastKnownFileType = sourcecode.swift; path = R.generated.swift; sourceTree = SOURCE_ROOT; };
		31386D7321324C5E008E82D0 /* ChatRoom.swift */ = {isa = PBXFileReference; lastKnownFileType = sourcecode.swift; path = ChatRoom.swift; sourceTree = "<group>"; };
		31386D7521324DE6008E82D0 /* FirebaseCommon.swift */ = {isa = PBXFileReference; lastKnownFileType = sourcecode.swift; path = FirebaseCommon.swift; sourceTree = "<group>"; };
		31386D772132733D008E82D0 /* ChatRoomService.swift */ = {isa = PBXFileReference; lastKnownFileType = sourcecode.swift; path = ChatRoomService.swift; sourceTree = "<group>"; };
		31386D792132D469008E82D0 /* IndicatorView.xib */ = {isa = PBXFileReference; fileEncoding = 4; lastKnownFileType = file.xib; path = IndicatorView.xib; sourceTree = "<group>"; };
		31386D7B2132DBE0008E82D0 /* ChatMessageService.swift */ = {isa = PBXFileReference; lastKnownFileType = sourcecode.swift; path = ChatMessageService.swift; sourceTree = "<group>"; };
		31386D7D2132E156008E82D0 /* Array+Extended.swift */ = {isa = PBXFileReference; lastKnownFileType = sourcecode.swift; path = "Array+Extended.swift"; sourceTree = "<group>"; };
		3150B9FB2113373900DB3512 /* P-Chat!.app */ = {isa = PBXFileReference; explicitFileType = wrapper.application; includeInIndex = 0; path = "P-Chat!.app"; sourceTree = BUILT_PRODUCTS_DIR; };
		3150B9FE2113373900DB3512 /* AppDelegate.swift */ = {isa = PBXFileReference; lastKnownFileType = sourcecode.swift; path = AppDelegate.swift; sourceTree = "<group>"; };
		3150BA002113373900DB3512 /* ViewController.swift */ = {isa = PBXFileReference; lastKnownFileType = sourcecode.swift; path = ViewController.swift; sourceTree = "<group>"; };
		3150BA032113373900DB3512 /* Base */ = {isa = PBXFileReference; lastKnownFileType = file.storyboard; name = Base; path = Base.lproj/Main.storyboard; sourceTree = "<group>"; };
		3150BA052113373A00DB3512 /* Assets.xcassets */ = {isa = PBXFileReference; lastKnownFileType = folder.assetcatalog; path = Assets.xcassets; sourceTree = "<group>"; };
		3150BA082113373A00DB3512 /* Base */ = {isa = PBXFileReference; lastKnownFileType = file.storyboard; name = Base; path = Base.lproj/LaunchScreen.storyboard; sourceTree = "<group>"; };
		3150BA0A2113373A00DB3512 /* Info.plist */ = {isa = PBXFileReference; lastKnownFileType = text.plist.xml; path = Info.plist; sourceTree = "<group>"; };
		315E0D56212192C40068924A /* UserDeviceInfo.swift */ = {isa = PBXFileReference; lastKnownFileType = sourcecode.swift; path = UserDeviceInfo.swift; sourceTree = "<group>"; };
		315E0D592121ACBB0068924A /* ProfileEditViewModel.swift */ = {isa = PBXFileReference; lastKnownFileType = sourcecode.swift; path = ProfileEditViewModel.swift; sourceTree = "<group>"; };
		315E0D5B2121C60D0068924A /* ViewController+Extended.swift */ = {isa = PBXFileReference; lastKnownFileType = sourcecode.swift; path = "ViewController+Extended.swift"; sourceTree = "<group>"; };
		3168A064211886F1002B0440 /* Profile.storyboard */ = {isa = PBXFileReference; lastKnownFileType = file.storyboard; path = Profile.storyboard; sourceTree = "<group>"; };
		3168A0662118898A002B0440 /* ProfileEditTableViewController.swift */ = {isa = PBXFileReference; lastKnownFileType = sourcecode.swift; path = ProfileEditTableViewController.swift; sourceTree = "<group>"; };
		3168A06D2119BA29002B0440 /* Person.swift */ = {isa = PBXFileReference; lastKnownFileType = sourcecode.swift; path = Person.swift; sourceTree = "<group>"; };
		3168A06F2119BA54002B0440 /* Message.swift */ = {isa = PBXFileReference; lastKnownFileType = sourcecode.swift; path = Message.swift; sourceTree = "<group>"; };
		3168A0712119BA98002B0440 /* ChatMessage.swift */ = {isa = PBXFileReference; lastKnownFileType = sourcecode.swift; path = ChatMessage.swift; sourceTree = "<group>"; };
		3168A0732119BAC8002B0440 /* ChatMedia.swift */ = {isa = PBXFileReference; lastKnownFileType = sourcecode.swift; path = ChatMedia.swift; sourceTree = "<group>"; };
		3168A0782119C2E8002B0440 /* UserService.swift */ = {isa = PBXFileReference; lastKnownFileType = sourcecode.swift; path = UserService.swift; sourceTree = "<group>"; };
		3168A07A2119C41C002B0440 /* LoginUser.swift */ = {isa = PBXFileReference; lastKnownFileType = sourcecode.swift; path = LoginUser.swift; sourceTree = "<group>"; };
		3177545121400CCB0055AC5E /* ChatMessageKitCell.swift */ = {isa = PBXFileReference; fileEncoding = 4; lastKnownFileType = sourcecode.swift; path = ChatMessageKitCell.swift; sourceTree = "<group>"; };
		3177545221400CCB0055AC5E /* ChatPhotoCell.swift */ = {isa = PBXFileReference; fileEncoding = 4; lastKnownFileType = sourcecode.swift; path = ChatPhotoCell.swift; sourceTree = "<group>"; };
		31775458214010700055AC5E /* UIImageView+Extended.swift */ = {isa = PBXFileReference; lastKnownFileType = sourcecode.swift; path = "UIImageView+Extended.swift"; sourceTree = "<group>"; };
		317EDDDA21396C9F00A7B651 /* ChatRoomListCell.swift */ = {isa = PBXFileReference; lastKnownFileType = sourcecode.swift; path = ChatRoomListCell.swift; sourceTree = "<group>"; };
		317EDDDC21396ED100A7B651 /* UITableView+Extended.swift */ = {isa = PBXFileReference; lastKnownFileType = sourcecode.swift; path = "UITableView+Extended.swift"; sourceTree = "<group>"; };
		317EDDDE21396F4C00A7B651 /* NSObject+Extended.swift */ = {isa = PBXFileReference; lastKnownFileType = sourcecode.swift; path = "NSObject+Extended.swift"; sourceTree = "<group>"; };
		317EDDE021398EC800A7B651 /* UsersData.swift */ = {isa = PBXFileReference; lastKnownFileType = sourcecode.swift; path = UsersData.swift; sourceTree = "<group>"; };
		31810899211584FC00C10946 /* .gitkeep */ = {isa = PBXFileReference; fileEncoding = 4; lastKnownFileType = text; path = .gitkeep; sourceTree = "<group>"; };
		3181089B211584FC00C10946 /* PagingViewController.swift */ = {isa = PBXFileReference; fileEncoding = 4; lastKnownFileType = sourcecode.swift; path = PagingViewController.swift; sourceTree = "<group>"; };
		3181089C211584FC00C10946 /* MenuItemView.swift */ = {isa = PBXFileReference; fileEncoding = 4; lastKnownFileType = sourcecode.swift; path = MenuItemView.swift; sourceTree = "<group>"; };
		3181089D211584FC00C10946 /* .gitkeep */ = {isa = PBXFileReference; fileEncoding = 4; lastKnownFileType = text; path = .gitkeep; sourceTree = "<group>"; };
		3181089E211584FC00C10946 /* PagingMenuController.swift */ = {isa = PBXFileReference; fileEncoding = 4; lastKnownFileType = sourcecode.swift; path = PagingMenuController.swift; sourceTree = "<group>"; };
		3181089F211584FC00C10946 /* MenuView.swift */ = {isa = PBXFileReference; fileEncoding = 4; lastKnownFileType = sourcecode.swift; path = MenuView.swift; sourceTree = "<group>"; };
		318108A1211584FC00C10946 /* MenuItemViewCustomizable.swift */ = {isa = PBXFileReference; fileEncoding = 4; lastKnownFileType = sourcecode.swift; path = MenuItemViewCustomizable.swift; sourceTree = "<group>"; };
		318108A2211584FC00C10946 /* Pagable.swift */ = {isa = PBXFileReference; fileEncoding = 4; lastKnownFileType = sourcecode.swift; path = Pagable.swift; sourceTree = "<group>"; };
		318108A3211584FC00C10946 /* MenuViewCustomizable.swift */ = {isa = PBXFileReference; fileEncoding = 4; lastKnownFileType = sourcecode.swift; path = MenuViewCustomizable.swift; sourceTree = "<group>"; };
		318108A4211584FC00C10946 /* PagingMenuControllerCustomizable.swift */ = {isa = PBXFileReference; fileEncoding = 4; lastKnownFileType = sourcecode.swift; path = PagingMenuControllerCustomizable.swift; sourceTree = "<group>"; };
		319A26AB212675A000769A6E /* Alert.swift */ = {isa = PBXFileReference; fileEncoding = 4; lastKnownFileType = sourcecode.swift; path = Alert.swift; sourceTree = "<group>"; };
		319A26AC212675A000769A6E /* Log.swift */ = {isa = PBXFileReference; fileEncoding = 4; lastKnownFileType = sourcecode.swift; path = Log.swift; sourceTree = "<group>"; };
		319A26AD212675A000769A6E /* Authorization.swift */ = {isa = PBXFileReference; fileEncoding = 4; lastKnownFileType = sourcecode.swift; path = Authorization.swift; sourceTree = "<group>"; };
		319A26AE212675A000769A6E /* ActionSheet.swift */ = {isa = PBXFileReference; fileEncoding = 4; lastKnownFileType = sourcecode.swift; path = ActionSheet.swift; sourceTree = "<group>"; };
		319A26AF212675A000769A6E /* PhotoRequester.swift */ = {isa = PBXFileReference; fileEncoding = 4; lastKnownFileType = sourcecode.swift; path = PhotoRequester.swift; sourceTree = "<group>"; };
		319CE1412115990200347092 /* MainTabViewController.swift */ = {isa = PBXFileReference; lastKnownFileType = sourcecode.swift; path = MainTabViewController.swift; sourceTree = "<group>"; };
		31B286BF212C21680069FA72 /* PlateChat.entitlements */ = {isa = PBXFileReference; lastKnownFileType = text.plist.entitlements; path = PlateChat.entitlements; sourceTree = "<group>"; };
		31B707C2213A384000A2D95E /* UserBlock.swift */ = {isa = PBXFileReference; lastKnownFileType = sourcecode.swift; path = UserBlock.swift; sourceTree = "<group>"; };
		31B707C4213A384C00A2D95E /* UserBlocked.swift */ = {isa = PBXFileReference; lastKnownFileType = sourcecode.swift; path = UserBlocked.swift; sourceTree = "<group>"; };
		31B707C6213A3DD600A2D95E /* UserBlockService.swift */ = {isa = PBXFileReference; lastKnownFileType = sourcecode.swift; path = UserBlockService.swift; sourceTree = "<group>"; };
		31B707C8213A3DE200A2D95E /* UserBlockedService.swift */ = {isa = PBXFileReference; lastKnownFileType = sourcecode.swift; path = UserBlockedService.swift; sourceTree = "<group>"; };
		31B707CA213A800B00A2D95E /* BlockList.storyboard */ = {isa = PBXFileReference; lastKnownFileType = file.storyboard; path = BlockList.storyboard; sourceTree = "<group>"; };
		31B707CC213A802000A2D95E /* BlockListViewController.swift */ = {isa = PBXFileReference; lastKnownFileType = sourcecode.swift; path = BlockListViewController.swift; sourceTree = "<group>"; };
		31B707CE213A931500A2D95E /* BlockListCell.swift */ = {isa = PBXFileReference; lastKnownFileType = sourcecode.swift; path = BlockListCell.swift; sourceTree = "<group>"; };
		31B707D0213AE91E00A2D95E /* NoticeViewController.swift */ = {isa = PBXFileReference; lastKnownFileType = sourcecode.swift; path = NoticeViewController.swift; sourceTree = "<group>"; };
		31B707D2213AE96700A2D95E /* FootPrint.storyboard */ = {isa = PBXFileReference; lastKnownFileType = file.storyboard; path = FootPrint.storyboard; sourceTree = "<group>"; };
		31B707D4213AF7ED00A2D95E /* FootPrintViewController.swift */ = {isa = PBXFileReference; lastKnownFileType = sourcecode.swift; path = FootPrintViewController.swift; sourceTree = "<group>"; };
		31BA1424213410CA00DB4958 /* SVProgressHUD.framework */ = {isa = PBXFileReference; lastKnownFileType = wrapper.framework; name = SVProgressHUD.framework; path = Carthage/Build/iOS/SVProgressHUD.framework; sourceTree = "<group>"; };
		31BE63D02115D26000E43982 /* NVActivityIndicatorView+Extended.swift */ = {isa = PBXFileReference; fileEncoding = 4; lastKnownFileType = sourcecode.swift; path = "NVActivityIndicatorView+Extended.swift"; sourceTree = "<group>"; };
		31BE63D22115D2E300E43982 /* UIColor+Extended.swift */ = {isa = PBXFileReference; fileEncoding = 4; lastKnownFileType = sourcecode.swift; path = "UIColor+Extended.swift"; sourceTree = "<group>"; };
		31BE63D52115D89300E43982 /* MyPage.storyboard */ = {isa = PBXFileReference; lastKnownFileType = file.storyboard; path = MyPage.storyboard; sourceTree = "<group>"; };
		31BE63D92115ECA800E43982 /* MyProfileViewController.swift */ = {isa = PBXFileReference; lastKnownFileType = sourcecode.swift; path = MyProfileViewController.swift; sourceTree = "<group>"; };
		31BE63DE2115F10C00E43982 /* SettingTableViewController.swift */ = {isa = PBXFileReference; lastKnownFileType = sourcecode.swift; path = SettingTableViewController.swift; sourceTree = "<group>"; };
		31BE63E12115F3DD00E43982 /* Home.storyboard */ = {isa = PBXFileReference; lastKnownFileType = file.storyboard; path = Home.storyboard; sourceTree = "<group>"; };
		31BF4BC221423616003F6F40 /* Article.storyboard */ = {isa = PBXFileReference; lastKnownFileType = file.storyboard; path = Article.storyboard; sourceTree = "<group>"; };
		31BF4BC421423632003F6F40 /* ArticleListViewController.swift */ = {isa = PBXFileReference; lastKnownFileType = sourcecode.swift; path = ArticleListViewController.swift; sourceTree = "<group>"; };
		31BF4BC921423959003F6F40 /* ArticleTableViewCell.xib */ = {isa = PBXFileReference; lastKnownFileType = file.xib; path = ArticleTableViewCell.xib; sourceTree = "<group>"; };
		31BF4BCC2142BAB4003F6F40 /* ProfileCell.swift */ = {isa = PBXFileReference; lastKnownFileType = sourcecode.swift; path = ProfileCell.swift; sourceTree = "<group>"; };
		31BF4BCD2142BAB4003F6F40 /* ProfileCell.xib */ = {isa = PBXFileReference; lastKnownFileType = file.xib; path = ProfileCell.xib; sourceTree = "<group>"; };
		31C7348621357381009E8241 /* PushNotification.swift */ = {isa = PBXFileReference; lastKnownFileType = sourcecode.swift; path = PushNotification.swift; sourceTree = "<group>"; };
		31C7354E2135C6E6009E8241 /* SwiftMessages.framework */ = {isa = PBXFileReference; lastKnownFileType = wrapper.framework; name = SwiftMessages.framework; path = Carthage/Build/iOS/SwiftMessages.framework; sourceTree = "<group>"; };
		31C735552136CEF2009E8241 /* Compass.framework */ = {isa = PBXFileReference; lastKnownFileType = wrapper.framework; name = Compass.framework; path = Carthage/Build/iOS/Compass.framework; sourceTree = "<group>"; };
		31C735572137034C009E8241 /* Date+Extended.swift */ = {isa = PBXFileReference; lastKnownFileType = sourcecode.swift; path = "Date+Extended.swift"; sourceTree = "<group>"; };
		31C73559213722B3009E8241 /* ChatRoomListViewController.swift */ = {isa = PBXFileReference; lastKnownFileType = sourcecode.swift; path = ChatRoomListViewController.swift; sourceTree = "<group>"; };
		31C92B4221341478004C7130 /* DZNEmptyDataSet.framework */ = {isa = PBXFileReference; lastKnownFileType = wrapper.framework; name = DZNEmptyDataSet.framework; path = Carthage/Build/iOS/DZNEmptyDataSet.framework; sourceTree = "<group>"; };
		31C92B44213414B4004C7130 /* MessageKit.framework */ = {isa = PBXFileReference; lastKnownFileType = wrapper.framework; name = MessageKit.framework; path = Carthage/Build/iOS/MessageKit.framework; sourceTree = "<group>"; };
		31C92B4621341508004C7130 /* Nuke.framework */ = {isa = PBXFileReference; lastKnownFileType = wrapper.framework; name = Nuke.framework; path = Carthage/Build/iOS/Nuke.framework; sourceTree = "<group>"; };
		31C92B4821341518004C7130 /* NVActivityIndicatorView.framework */ = {isa = PBXFileReference; lastKnownFileType = wrapper.framework; name = NVActivityIndicatorView.framework; path = Carthage/Build/iOS/NVActivityIndicatorView.framework; sourceTree = "<group>"; };
		31C92B4A21341564004C7130 /* NVActivityIndicatorViewAppExtension.framework */ = {isa = PBXFileReference; lastKnownFileType = wrapper.framework; name = NVActivityIndicatorViewAppExtension.framework; path = Carthage/Build/iOS/NVActivityIndicatorViewAppExtension.framework; sourceTree = "<group>"; };
		31C92B4C21341585004C7130 /* NSObject_Rx.framework */ = {isa = PBXFileReference; lastKnownFileType = wrapper.framework; name = NSObject_Rx.framework; path = Carthage/Build/iOS/NSObject_Rx.framework; sourceTree = "<group>"; };
		31C92B4E213415CC004C7130 /* SDWebImage.framework */ = {isa = PBXFileReference; lastKnownFileType = wrapper.framework; name = SDWebImage.framework; path = Carthage/Build/iOS/SDWebImage.framework; sourceTree = "<group>"; };
		31C92B502134167E004C7130 /* SwiftDate.framework */ = {isa = PBXFileReference; lastKnownFileType = wrapper.framework; name = SwiftDate.framework; path = Carthage/Build/iOS/SwiftDate.framework; sourceTree = "<group>"; };
		31ED9E0D212D8DCA00D1E96E /* DotBadgeView.swift */ = {isa = PBXFileReference; lastKnownFileType = sourcecode.swift; path = DotBadgeView.swift; sourceTree = "<group>"; };
		31ED9E0F212DB7D100D1E96E /* Message.storyboard */ = {isa = PBXFileReference; lastKnownFileType = file.storyboard; path = Message.storyboard; sourceTree = "<group>"; };
		31ED9E11212DB9FA00D1E96E /* ChatMessageViewController.swift */ = {isa = PBXFileReference; lastKnownFileType = sourcecode.swift; path = ChatMessageViewController.swift; sourceTree = "<group>"; };
		A5433E5221739569E6C884E5 /* Pods-PlateChat.release.xcconfig */ = {isa = PBXFileReference; includeInIndex = 1; lastKnownFileType = text.xcconfig; name = "Pods-PlateChat.release.xcconfig"; path = "Pods/Target Support Files/Pods-PlateChat/Pods-PlateChat.release.xcconfig"; sourceTree = "<group>"; };
		D1AB3658E29F073094B7957A /* Pods_PlateChat.framework */ = {isa = PBXFileReference; explicitFileType = wrapper.framework; includeInIndex = 0; path = Pods_PlateChat.framework; sourceTree = BUILT_PRODUCTS_DIR; };
		E15E1663A1809759D65A8D97 /* Pods-PlateChat.debug.xcconfig */ = {isa = PBXFileReference; includeInIndex = 1; lastKnownFileType = text.xcconfig; name = "Pods-PlateChat.debug.xcconfig"; path = "Pods/Target Support Files/Pods-PlateChat/Pods-PlateChat.debug.xcconfig"; sourceTree = "<group>"; };
/* End PBXFileReference section */

/* Begin PBXFrameworksBuildPhase section */
		3150B9F82113373900DB3512 /* Frameworks */ = {
			isa = PBXFrameworksBuildPhase;
			buildActionMask = 2147483647;
			files = (
				31C735562136CEF2009E8241 /* Compass.framework in Frameworks */,
				31C7354F2135C6E6009E8241 /* SwiftMessages.framework in Frameworks */,
				31C92B512134167E004C7130 /* SwiftDate.framework in Frameworks */,
				31C92B4F213415CC004C7130 /* SDWebImage.framework in Frameworks */,
				31C92B4D21341585004C7130 /* NSObject_Rx.framework in Frameworks */,
				31C92B4B21341564004C7130 /* NVActivityIndicatorViewAppExtension.framework in Frameworks */,
				31C92B4921341518004C7130 /* NVActivityIndicatorView.framework in Frameworks */,
				31C92B4721341508004C7130 /* Nuke.framework in Frameworks */,
				31C92B45213414B4004C7130 /* MessageKit.framework in Frameworks */,
				31C92B4321341478004C7130 /* DZNEmptyDataSet.framework in Frameworks */,
				31BA1425213410CA00DB4958 /* SVProgressHUD.framework in Frameworks */,
				6105ACEAF942718AD7D24580 /* Pods_PlateChat.framework in Frameworks */,
			);
			runOnlyForDeploymentPostprocessing = 0;
		};
/* End PBXFrameworksBuildPhase section */

/* Begin PBXGroup section */
		310A6B95211FD0100026A412 /* View */ = {
			isa = PBXGroup;
			children = (
				31386D792132D469008E82D0 /* IndicatorView.xib */,
				310A6B96211FD0380026A412 /* CustomViews */,
			);
			path = View;
			sourceTree = "<group>";
		};
		310A6B96211FD0380026A412 /* CustomViews */ = {
			isa = PBXGroup;
			children = (
				310A6B97211FD0850026A412 /* CircleButton.swift */,
				311017A12120932500E6B343 /* CircleSexButton.swift */,
				310FB06C2127B88000C917E7 /* UIPlaceHolderTextView.swift */,
				310FB06E2127B8F600C917E7 /* PaddingTextField.swift */,
				310FB0702127BA4E00C917E7 /* UnderlineTextField.swift */,
				31ED9E0D212D8DCA00D1E96E /* DotBadgeView.swift */,
				310CC23F213D95EB0091AADF /* PaddingLabel.swift */,
			);
			path = CustomViews;
			sourceTree = "<group>";
		};
		310FB072212800D100C917E7 /* View */ = {
			isa = PBXGroup;
			children = (
				310FB073212800EA00C917E7 /* ArticleTableViewCell.swift */,
				31BF4BC921423959003F6F40 /* ArticleTableViewCell.xib */,
			);
			path = View;
			sourceTree = "<group>";
		};
		310FB0792128441500C917E7 /* View */ = {
			isa = PBXGroup;
			children = (
				310FB07A2128442400C917E7 /* FaqTableViewCell.swift */,
				31B707CE213A931500A2D95E /* BlockListCell.swift */,
				31BF4BCC2142BAB4003F6F40 /* ProfileCell.swift */,
				31BF4BCD2142BAB4003F6F40 /* ProfileCell.xib */,
			);
			path = View;
			sourceTree = "<group>";
		};
		312804FB2116E81200357E5C /* Search */ = {
			isa = PBXGroup;
			children = (
				312804FC2116EA9A00357E5C /* Search.storyboard */,
			);
			path = Search;
			sourceTree = "<group>";
		};
		312804FE2116EBA100357E5C /* Chat */ = {
			isa = PBXGroup;
			children = (
				31386D6C21324902008E82D0 /* View */,
				312804FF2116EBB400357E5C /* Chat.storyboard */,
				31C73559213722B3009E8241 /* ChatRoomListViewController.swift */,
				31ED9E0F212DB7D100D1E96E /* Message.storyboard */,
				31ED9E11212DB9FA00D1E96E /* ChatMessageViewController.swift */,
			);
			path = Chat;
			sourceTree = "<group>";
		};
		312805012116EC7D00357E5C /* Notice */ = {
			isa = PBXGroup;
			children = (
				312805022116ECF700357E5C /* Notice.storyboard */,
				31B707D0213AE91E00A2D95E /* NoticeViewController.swift */,
				31B707D2213AE96700A2D95E /* FootPrint.storyboard */,
				31B707D4213AF7ED00A2D95E /* FootPrintViewController.swift */,
			);
			path = Notice;
			sourceTree = "<group>";
		};
		312805042116EFD500357E5C /* Util */ = {
			isa = PBXGroup;
			children = (
				312805052116F00D00357E5C /* UtilManager.swift */,
				319A26AE212675A000769A6E /* ActionSheet.swift */,
				319A26AB212675A000769A6E /* Alert.swift */,
				319A26AD212675A000769A6E /* Authorization.swift */,
				319A26AC212675A000769A6E /* Log.swift */,
				319A26AF212675A000769A6E /* PhotoRequester.swift */,
				312805072116F54900357E5C /* Constants.swift */,
				31C7348621357381009E8241 /* PushNotification.swift */,
				31386D6A21324718008E82D0 /* R.generated.swift */,
			);
			path = Util;
			sourceTree = "<group>";
		};
		3128050B2117043200357E5C /* Resources */ = {
			isa = PBXGroup;
			children = (
				3128050C2117047400357E5C /* NotoSans */,
			);
			path = Resources;
			sourceTree = "<group>";
		};
		3128050C2117047400357E5C /* NotoSans */ = {
			isa = PBXGroup;
			children = (
				3128050D2117047400357E5C /* NotoSansCJKjpSub-Black.otf */,
				3128050E2117047400357E5C /* NotoSansCJKjpSub-Regular.otf */,
				3128050F2117047400357E5C /* NotoSansCJKjpSub-Bold.otf */,
				312805102117047400357E5C /* NotoSansCJKjpSub-Thin.otf */,
				312805112117047400357E5C /* NotoSansCJKjpSub-Medium.otf */,
				312805122117047400357E5C /* NotoSansCJKjpSub-Light.otf */,
				312805132117047400357E5C /* NotoSansCJKjpSub-DemiLight.otf */,
			);
			path = NotoSans;
			sourceTree = "<group>";
		};
		31386D6C21324902008E82D0 /* View */ = {
			isa = PBXGroup;
			children = (
				3177545121400CCB0055AC5E /* ChatMessageKitCell.swift */,
				3177545221400CCB0055AC5E /* ChatPhotoCell.swift */,
				317EDDDA21396C9F00A7B651 /* ChatRoomListCell.swift */,
			);
			path = View;
			sourceTree = "<group>";
		};
		3150B9F22113373900DB3512 = {
			isa = PBXGroup;
			children = (
				3150B9FD2113373900DB3512 /* PlateChat */,
				3150B9FC2113373900DB3512 /* Products */,
				CDF93BECDF183B237B9132A8 /* Pods */,
				524288E8AD9E26AD49C8347E /* Frameworks */,
			);
			sourceTree = "<group>";
		};
		3150B9FC2113373900DB3512 /* Products */ = {
			isa = PBXGroup;
			children = (
				3150B9FB2113373900DB3512 /* P-Chat!.app */,
			);
			name = Products;
			sourceTree = "<group>";
		};
		3150B9FD2113373900DB3512 /* PlateChat */ = {
			isa = PBXGroup;
			children = (
				31B286BF212C21680069FA72 /* PlateChat.entitlements */,
				3168A06C2119B9CE002B0440 /* Model */,
				310A6B95211FD0100026A412 /* View */,
				3168A0772119C241002B0440 /* Service */,
				312805042116EFD500357E5C /* Util */,
				31BE63CF2115D25400E43982 /* Extensions */,
				31810896211584E600C10946 /* Library */,
				3150B9FE2113373900DB3512 /* AppDelegate.swift */,
				319CE1412115990200347092 /* MainTabViewController.swift */,
				3150BA002113373900DB3512 /* ViewController.swift */,
				3150BA022113373900DB3512 /* Main.storyboard */,
				31BE63E02115F1E600E43982 /* Home */,
				312804FB2116E81200357E5C /* Search */,
				312804FE2116EBA100357E5C /* Chat */,
				312805012116EC7D00357E5C /* Notice */,
				31BE63D42115D88100E43982 /* MyPage */,
				3150BA052113373A00DB3512 /* Assets.xcassets */,
				3150BA072113373A00DB3512 /* LaunchScreen.storyboard */,
				3150BA0A2113373A00DB3512 /* Info.plist */,
				312805092116FA9700357E5C /* GoogleService-Info-dev.plist */,
				3128050B2117043200357E5C /* Resources */,
			);
			path = PlateChat;
			sourceTree = "<group>";
		};
		315E0D582121ACA70068924A /* ViewModel */ = {
			isa = PBXGroup;
			children = (
				315E0D592121ACBB0068924A /* ProfileEditViewModel.swift */,
			);
			path = ViewModel;
			sourceTree = "<group>";
		};
		3168A06C2119B9CE002B0440 /* Model */ = {
			isa = PBXGroup;
			children = (
				3168A06D2119BA29002B0440 /* Person.swift */,
				3168A06F2119BA54002B0440 /* Message.swift */,
				31386D7321324C5E008E82D0 /* ChatRoom.swift */,
				3168A0712119BA98002B0440 /* ChatMessage.swift */,
				3168A0732119BAC8002B0440 /* ChatMedia.swift */,
				3168A07A2119C41C002B0440 /* LoginUser.swift */,
				31B707C2213A384000A2D95E /* UserBlock.swift */,
				31B707C4213A384C00A2D95E /* UserBlocked.swift */,
				310FB075212802DF00C917E7 /* Article.swift */,
				310A6B9F21206C460026A412 /* AccountData.swift */,
				317EDDE021398EC800A7B651 /* UsersData.swift */,
				315E0D56212192C40068924A /* UserDeviceInfo.swift */,
				31386D7521324DE6008E82D0 /* FirebaseCommon.swift */,
			);
			path = Model;
			sourceTree = "<group>";
		};
		3168A0772119C241002B0440 /* Service */ = {
			isa = PBXGroup;
			children = (
				3168A0782119C2E8002B0440 /* UserService.swift */,
				310FB05E212702CF00C917E7 /* ArticleService.swift */,
				31386D772132733D008E82D0 /* ChatRoomService.swift */,
				31386D7B2132DBE0008E82D0 /* ChatMessageService.swift */,
				31B707C6213A3DD600A2D95E /* UserBlockService.swift */,
				31B707C8213A3DE200A2D95E /* UserBlockedService.swift */,
			);
			path = Service;
			sourceTree = "<group>";
		};
		31810896211584E600C10946 /* Library */ = {
			isa = PBXGroup;
			children = (
				31C735502135C730009E8241 /* SwiftMessages */,
				31810897211584F100C10946 /* PagingMenuController */,
			);
			path = Library;
			sourceTree = "<group>";
		};
		31810897211584F100C10946 /* PagingMenuController */ = {
			isa = PBXGroup;
			children = (
				31810898211584FC00C10946 /* Assets */,
				3181089A211584FC00C10946 /* Classes */,
			);
			path = PagingMenuController;
			sourceTree = "<group>";
		};
		31810898211584FC00C10946 /* Assets */ = {
			isa = PBXGroup;
			children = (
				31810899211584FC00C10946 /* .gitkeep */,
			);
			path = Assets;
			sourceTree = "<group>";
		};
		3181089A211584FC00C10946 /* Classes */ = {
			isa = PBXGroup;
			children = (
				3181089B211584FC00C10946 /* PagingViewController.swift */,
				3181089C211584FC00C10946 /* MenuItemView.swift */,
				3181089D211584FC00C10946 /* .gitkeep */,
				3181089E211584FC00C10946 /* PagingMenuController.swift */,
				3181089F211584FC00C10946 /* MenuView.swift */,
				318108A0211584FC00C10946 /* Protocols */,
			);
			path = Classes;
			sourceTree = "<group>";
		};
		318108A0211584FC00C10946 /* Protocols */ = {
			isa = PBXGroup;
			children = (
				318108A1211584FC00C10946 /* MenuItemViewCustomizable.swift */,
				318108A2211584FC00C10946 /* Pagable.swift */,
				318108A3211584FC00C10946 /* MenuViewCustomizable.swift */,
				318108A4211584FC00C10946 /* PagingMenuControllerCustomizable.swift */,
			);
			path = Protocols;
			sourceTree = "<group>";
		};
		31BE63CF2115D25400E43982 /* Extensions */ = {
			isa = PBXGroup;
			children = (
				31BE63D22115D2E300E43982 /* UIColor+Extended.swift */,
				31BE63D02115D26000E43982 /* NVActivityIndicatorView+Extended.swift */,
				310A6B99212063420026A412 /* CALayer+RuntimeAttribute.swift */,
				310A6B9B212064470026A412 /* UIView+Extended.swift */,
				310A6B9D212064AE0026A412 /* UIButton+Extended.swift */,
				315E0D5B2121C60D0068924A /* ViewController+Extended.swift */,
				310FB05421269E0000C917E7 /* UITextField+Extended.swift */,
				310FB0562126F30100C917E7 /* UIWindow+Extended.swift */,
				31386D7D2132E156008E82D0 /* Array+Extended.swift */,
				31C735572137034C009E8241 /* Date+Extended.swift */,
				317EDDDC21396ED100A7B651 /* UITableView+Extended.swift */,
				317EDDDE21396F4C00A7B651 /* NSObject+Extended.swift */,
				31775458214010700055AC5E /* UIImageView+Extended.swift */,
			);
			path = Extensions;
			sourceTree = "<group>";
		};
		31BE63D42115D88100E43982 /* MyPage */ = {
			isa = PBXGroup;
			children = (
				310FB0792128441500C917E7 /* View */,
				315E0D582121ACA70068924A /* ViewModel */,
				31BE63D52115D89300E43982 /* MyPage.storyboard */,
				31BE63D92115ECA800E43982 /* MyProfileViewController.swift */,
				31BE63DE2115F10C00E43982 /* SettingTableViewController.swift */,
				3168A064211886F1002B0440 /* Profile.storyboard */,
				3168A0662118898A002B0440 /* ProfileEditTableViewController.swift */,
				310FB0682127B64D00C917E7 /* Account.storyboard */,
				310FB06A2127B6DE00C917E7 /* AccountTableViewController.swift */,
				31B707CA213A800B00A2D95E /* BlockList.storyboard */,
				31B707CC213A802000A2D95E /* BlockListViewController.swift */,
				310FB0602127264900C917E7 /* Rule.storyboard */,
				310FB062212728AE00C917E7 /* RuleViewController.swift */,
				310FB06421272CD500C917E7 /* Privacy.storyboard */,
				310FB06621272CE700C917E7 /* PrivacyViewController.swift */,
				310FB07721283EBF00C917E7 /* Faq.storyboard */,
				310FB07C212844AF00C917E7 /* FaqViewController.swift */,
			);
			path = MyPage;
			sourceTree = "<group>";
		};
		31BE63E02115F1E600E43982 /* Home */ = {
			isa = PBXGroup;
			children = (
				310FB072212800D100C917E7 /* View */,
				31BE63E12115F3DD00E43982 /* Home.storyboard */,
				310FB0582126F49C00C917E7 /* HomeViewController.swift */,
				310FB05A2126F6DD00C917E7 /* Write.storyboard */,
				310FB05C2126F6EC00C917E7 /* WriteViewController.swift */,
				31BF4BC221423616003F6F40 /* Article.storyboard */,
				31BF4BC421423632003F6F40 /* ArticleListViewController.swift */,
			);
			path = Home;
			sourceTree = "<group>";
		};
		31C735502135C730009E8241 /* SwiftMessages */ = {
			isa = PBXGroup;
			children = (
			);
			path = SwiftMessages;
			sourceTree = "<group>";
		};
		524288E8AD9E26AD49C8347E /* Frameworks */ = {
			isa = PBXGroup;
			children = (
				31C735552136CEF2009E8241 /* Compass.framework */,
				31C7354E2135C6E6009E8241 /* SwiftMessages.framework */,
				31C92B502134167E004C7130 /* SwiftDate.framework */,
				31C92B4E213415CC004C7130 /* SDWebImage.framework */,
				31C92B4C21341585004C7130 /* NSObject_Rx.framework */,
				31C92B4A21341564004C7130 /* NVActivityIndicatorViewAppExtension.framework */,
				31C92B4821341518004C7130 /* NVActivityIndicatorView.framework */,
				31C92B4621341508004C7130 /* Nuke.framework */,
				31C92B44213414B4004C7130 /* MessageKit.framework */,
				31C92B4221341478004C7130 /* DZNEmptyDataSet.framework */,
				31BA1424213410CA00DB4958 /* SVProgressHUD.framework */,
				D1AB3658E29F073094B7957A /* Pods_PlateChat.framework */,
			);
			name = Frameworks;
			sourceTree = "<group>";
		};
		CDF93BECDF183B237B9132A8 /* Pods */ = {
			isa = PBXGroup;
			children = (
				E15E1663A1809759D65A8D97 /* Pods-PlateChat.debug.xcconfig */,
				A5433E5221739569E6C884E5 /* Pods-PlateChat.release.xcconfig */,
			);
			name = Pods;
			sourceTree = "<group>";
		};
/* End PBXGroup section */

/* Begin PBXNativeTarget section */
		3150B9FA2113373900DB3512 /* PlateChat */ = {
			isa = PBXNativeTarget;
			buildConfigurationList = 3150BA0D2113373A00DB3512 /* Build configuration list for PBXNativeTarget "PlateChat" */;
			buildPhases = (
				EC94887955BA9FE4C760B1AD /* [CP] Check Pods Manifest.lock */,
				31BE63DB2115ED4D00E43982 /* Run Script  R.swift */,
				3150B9F72113373900DB3512 /* Sources */,
				3150B9F82113373900DB3512 /* Frameworks */,
				3150B9F92113373900DB3512 /* Resources */,
				E9BB01F05B0212824FB29CBB /* [CP] Embed Pods Frameworks */,
				31C92B4121341126004C7130 /* Run Script Carthage */,
			);
			buildRules = (
			);
			dependencies = (
			);
			name = PlateChat;
			productName = PlateChat;
			productReference = 3150B9FB2113373900DB3512 /* P-Chat!.app */;
			productType = "com.apple.product-type.application";
		};
/* End PBXNativeTarget section */

/* Begin PBXProject section */
		3150B9F32113373900DB3512 /* Project object */ = {
			isa = PBXProject;
			attributes = {
				LastSwiftUpdateCheck = 0940;
				LastUpgradeCheck = 0940;
				ORGANIZATIONNAME = deskplate;
				TargetAttributes = {
					3150B9FA2113373900DB3512 = {
						CreatedOnToolsVersion = 9.4.1;
						SystemCapabilities = {
							com.apple.BackgroundModes = {
								enabled = 1;
							};
							com.apple.Push = {
								enabled = 1;
							};
						};
					};
				};
			};
			buildConfigurationList = 3150B9F62113373900DB3512 /* Build configuration list for PBXProject "PlateChat" */;
			compatibilityVersion = "Xcode 9.3";
			developmentRegion = en;
			hasScannedForEncodings = 0;
			knownRegions = (
				en,
				Base,
			);
			mainGroup = 3150B9F22113373900DB3512;
			productRefGroup = 3150B9FC2113373900DB3512 /* Products */;
			projectDirPath = "";
			projectRoot = "";
			targets = (
				3150B9FA2113373900DB3512 /* PlateChat */,
			);
		};
/* End PBXProject section */

/* Begin PBXResourcesBuildPhase section */
		3150B9F92113373900DB3512 /* Resources */ = {
			isa = PBXResourcesBuildPhase;
			buildActionMask = 2147483647;
			files = (
				3128051A2117047400357E5C /* NotoSansCJKjpSub-DemiLight.otf in Resources */,
				310FB06521272CD500C917E7 /* Privacy.storyboard in Resources */,
				3168A065211886F1002B0440 /* Profile.storyboard in Resources */,
				312805002116EBB400357E5C /* Chat.storyboard in Resources */,
				312805182117047400357E5C /* NotoSansCJKjpSub-Medium.otf in Resources */,
				310FB07821283EBF00C917E7 /* Faq.storyboard in Resources */,
				312805162117047400357E5C /* NotoSansCJKjpSub-Bold.otf in Resources */,
				31ED9E10212DB7D100D1E96E /* Message.storyboard in Resources */,
				31B707CB213A800B00A2D95E /* BlockList.storyboard in Resources */,
				312805172117047400357E5C /* NotoSansCJKjpSub-Thin.otf in Resources */,
				310FB05B2126F6DD00C917E7 /* Write.storyboard in Resources */,
				31386D7A2132D469008E82D0 /* IndicatorView.xib in Resources */,
				31B707D3213AE96700A2D95E /* FootPrint.storyboard in Resources */,
				31BE63E22115F3DD00E43982 /* Home.storyboard in Resources */,
				312805152117047400357E5C /* NotoSansCJKjpSub-Regular.otf in Resources */,
				312805032116ECF700357E5C /* Notice.storyboard in Resources */,
				3150BA092113373A00DB3512 /* LaunchScreen.storyboard in Resources */,
				312805142117047400357E5C /* NotoSansCJKjpSub-Black.otf in Resources */,
				31BE63D62115D89300E43982 /* MyPage.storyboard in Resources */,
				3150BA062113373A00DB3512 /* Assets.xcassets in Resources */,
				310FB0612127264900C917E7 /* Rule.storyboard in Resources */,
				318108A8211584FD00C10946 /* .gitkeep in Resources */,
				3150BA042113373900DB3512 /* Main.storyboard in Resources */,
				312804FD2116EA9A00357E5C /* Search.storyboard in Resources */,
				312805192117047400357E5C /* NotoSansCJKjpSub-Light.otf in Resources */,
				3128050A2116FA9700357E5C /* GoogleService-Info-dev.plist in Resources */,
				31BF4BC321423616003F6F40 /* Article.storyboard in Resources */,
				310FB0692127B64D00C917E7 /* Account.storyboard in Resources */,
				318108A5211584FD00C10946 /* .gitkeep in Resources */,
				31BF4BCB21423959003F6F40 /* ArticleTableViewCell.xib in Resources */,
				31BF4BCF2142BAB4003F6F40 /* ProfileCell.xib in Resources */,
			);
			runOnlyForDeploymentPostprocessing = 0;
		};
/* End PBXResourcesBuildPhase section */

/* Begin PBXShellScriptBuildPhase section */
		31BE63DB2115ED4D00E43982 /* Run Script  R.swift */ = {
			isa = PBXShellScriptBuildPhase;
			buildActionMask = 12;
			files = (
			);
			inputPaths = (
			);
			name = "Run Script  R.swift";
			outputPaths = (
			);
			runOnlyForDeploymentPostprocessing = 0;
			shellPath = /bin/sh;
			shellScript = "\"$PODS_ROOT/R.swift/rswift\" generate \"$SRCROOT\"";
		};
		31C92B4121341126004C7130 /* Run Script Carthage */ = {
			isa = PBXShellScriptBuildPhase;
			buildActionMask = 2147483647;
			files = (
			);
			inputPaths = (
				"$(SRCROOT)/Carthage/Build/iOS/SVProgressHUD.framework",
				"$(SRCROOT)/Carthage/Build/iOS/DZNEmptyDataSet.framework",
				"$(SRCROOT)/Carthage/Build/iOS/MessageKit.framework",
				"$(SRCROOT)/Carthage/Build/iOS/Nuke.framework",
				"$(SRCROOT)/Carthage/Build/iOS/NVActivityIndicatorView.framework",
				"$(SRCROOT)/Carthage/Build/iOS/NVActivityIndicatorViewAppExtension.framework",
				"$(SRCROOT)/Carthage/Build/iOS/NSObject_Rx.framework",
				"$(SRCROOT)/Carthage/Build/iOS/SDWebImage.framework",
				"$(SRCROOT)/Carthage/Build/iOS/SwiftDate.framework",
				"$(SRCROOT)/Carthage/Build/iOS/SwiftMessages.framework",
				"$(SRCROOT)/Carthage/Build/iOS/Compass.framework",
			);
			name = "Run Script Carthage";
			outputPaths = (
			);
			runOnlyForDeploymentPostprocessing = 0;
			shellPath = /bin/sh;
			shellScript = "/usr/local/bin/carthage copy-frameworks";
		};
		E9BB01F05B0212824FB29CBB /* [CP] Embed Pods Frameworks */ = {
			isa = PBXShellScriptBuildPhase;
			buildActionMask = 2147483647;
			files = (
			);
			inputPaths = (
				"${SRCROOT}/Pods/Target Support Files/Pods-PlateChat/Pods-PlateChat-frameworks.sh",
				"${BUILT_PRODUCTS_DIR}/BoringSSL/openssl.framework",
				"${BUILT_PRODUCTS_DIR}/GTMSessionFetcher/GTMSessionFetcher.framework",
				"${BUILT_PRODUCTS_DIR}/GoogleToolboxForMac/GoogleToolboxForMac.framework",
				"${BUILT_PRODUCTS_DIR}/Protobuf/Protobuf.framework",
				"${BUILT_PRODUCTS_DIR}/R.swift.Library/Rswift.framework",
				"${BUILT_PRODUCTS_DIR}/RxCocoa/RxCocoa.framework",
				"${BUILT_PRODUCTS_DIR}/RxSwift/RxSwift.framework",
				"${BUILT_PRODUCTS_DIR}/SKPhotoBrowser/SKPhotoBrowser.framework",
				"${BUILT_PRODUCTS_DIR}/gRPC/GRPCClient.framework",
				"${BUILT_PRODUCTS_DIR}/gRPC-Core/grpc.framework",
				"${BUILT_PRODUCTS_DIR}/gRPC-ProtoRPC/ProtoRPC.framework",
				"${BUILT_PRODUCTS_DIR}/gRPC-RxLibrary/RxLibrary.framework",
				"${BUILT_PRODUCTS_DIR}/leveldb-library/leveldb.framework",
				"${BUILT_PRODUCTS_DIR}/nanopb/nanopb.framework",
			);
			name = "[CP] Embed Pods Frameworks";
			outputPaths = (
				"${TARGET_BUILD_DIR}/${FRAMEWORKS_FOLDER_PATH}/openssl.framework",
				"${TARGET_BUILD_DIR}/${FRAMEWORKS_FOLDER_PATH}/GTMSessionFetcher.framework",
				"${TARGET_BUILD_DIR}/${FRAMEWORKS_FOLDER_PATH}/GoogleToolboxForMac.framework",
				"${TARGET_BUILD_DIR}/${FRAMEWORKS_FOLDER_PATH}/Protobuf.framework",
				"${TARGET_BUILD_DIR}/${FRAMEWORKS_FOLDER_PATH}/Rswift.framework",
				"${TARGET_BUILD_DIR}/${FRAMEWORKS_FOLDER_PATH}/RxCocoa.framework",
				"${TARGET_BUILD_DIR}/${FRAMEWORKS_FOLDER_PATH}/RxSwift.framework",
				"${TARGET_BUILD_DIR}/${FRAMEWORKS_FOLDER_PATH}/SKPhotoBrowser.framework",
				"${TARGET_BUILD_DIR}/${FRAMEWORKS_FOLDER_PATH}/GRPCClient.framework",
				"${TARGET_BUILD_DIR}/${FRAMEWORKS_FOLDER_PATH}/grpc.framework",
				"${TARGET_BUILD_DIR}/${FRAMEWORKS_FOLDER_PATH}/ProtoRPC.framework",
				"${TARGET_BUILD_DIR}/${FRAMEWORKS_FOLDER_PATH}/RxLibrary.framework",
				"${TARGET_BUILD_DIR}/${FRAMEWORKS_FOLDER_PATH}/leveldb.framework",
				"${TARGET_BUILD_DIR}/${FRAMEWORKS_FOLDER_PATH}/nanopb.framework",
			);
			runOnlyForDeploymentPostprocessing = 0;
			shellPath = /bin/sh;
			shellScript = "\"${SRCROOT}/Pods/Target Support Files/Pods-PlateChat/Pods-PlateChat-frameworks.sh\"\n";
			showEnvVarsInLog = 0;
		};
		EC94887955BA9FE4C760B1AD /* [CP] Check Pods Manifest.lock */ = {
			isa = PBXShellScriptBuildPhase;
			buildActionMask = 2147483647;
			files = (
			);
			inputPaths = (
				"${PODS_PODFILE_DIR_PATH}/Podfile.lock",
				"${PODS_ROOT}/Manifest.lock",
			);
			name = "[CP] Check Pods Manifest.lock";
			outputPaths = (
				"$(DERIVED_FILE_DIR)/Pods-PlateChat-checkManifestLockResult.txt",
			);
			runOnlyForDeploymentPostprocessing = 0;
			shellPath = /bin/sh;
			shellScript = "diff \"${PODS_PODFILE_DIR_PATH}/Podfile.lock\" \"${PODS_ROOT}/Manifest.lock\" > /dev/null\nif [ $? != 0 ] ; then\n    # print error to STDERR\n    echo \"error: The sandbox is not in sync with the Podfile.lock. Run 'pod install' or update your CocoaPods installation.\" >&2\n    exit 1\nfi\n# This output is used by Xcode 'outputs' to avoid re-running this script phase.\necho \"SUCCESS\" > \"${SCRIPT_OUTPUT_FILE_0}\"\n";
			showEnvVarsInLog = 0;
		};
/* End PBXShellScriptBuildPhase section */

/* Begin PBXSourcesBuildPhase section */
		3150B9F72113373900DB3512 /* Sources */ = {
			isa = PBXSourcesBuildPhase;
			buildActionMask = 2147483647;
			files = (
				31C7348721357381009E8241 /* PushNotification.swift in Sources */,
				319A26B1212675A000769A6E /* Log.swift in Sources */,
				318108AA211584FD00C10946 /* MenuView.swift in Sources */,
				31BF4BCE2142BAB4003F6F40 /* ProfileCell.swift in Sources */,
				3168A0792119C2E8002B0440 /* UserService.swift in Sources */,
				310A6B9C212064470026A412 /* UIView+Extended.swift in Sources */,
				310FB06D2127B88000C917E7 /* UIPlaceHolderTextView.swift in Sources */,
				312805082116F54900357E5C /* Constants.swift in Sources */,
				31386D7621324DE6008E82D0 /* FirebaseCommon.swift in Sources */,
				3177545521400CCB0055AC5E /* ChatPhotoCell.swift in Sources */,
				31386D782132733D008E82D0 /* ChatRoomService.swift in Sources */,
				31B707D5213AF7ED00A2D95E /* FootPrintViewController.swift in Sources */,
				317EDDDF21396F4C00A7B651 /* NSObject+Extended.swift in Sources */,
				31386D7C2132DBE0008E82D0 /* ChatMessageService.swift in Sources */,
				310FB05F212702CF00C917E7 /* ArticleService.swift in Sources */,
				3168A0742119BAC8002B0440 /* ChatMedia.swift in Sources */,
				31BF4BC521423632003F6F40 /* ArticleListViewController.swift in Sources */,
				312805062116F00D00357E5C /* UtilManager.swift in Sources */,
				31B707CD213A802000A2D95E /* BlockListViewController.swift in Sources */,
				31B707C9213A3DE200A2D95E /* UserBlockedService.swift in Sources */,
				3150BA012113373900DB3512 /* ViewController.swift in Sources */,
				318108AB211584FD00C10946 /* MenuItemViewCustomizable.swift in Sources */,
				31C735582137034C009E8241 /* Date+Extended.swift in Sources */,
				310FB063212728AE00C917E7 /* RuleViewController.swift in Sources */,
				31B707D1213AE91E00A2D95E /* NoticeViewController.swift in Sources */,
				310FB07D212844AF00C917E7 /* FaqViewController.swift in Sources */,
				318108A6211584FD00C10946 /* PagingViewController.swift in Sources */,
				317EDDE121398EC800A7B651 /* UsersData.swift in Sources */,
				3168A0722119BA98002B0440 /* ChatMessage.swift in Sources */,
				31B707C7213A3DD600A2D95E /* UserBlockService.swift in Sources */,
				310FB076212802DF00C917E7 /* Article.swift in Sources */,
				310FB06B2127B6DE00C917E7 /* AccountTableViewController.swift in Sources */,
				31ED9E0E212D8DCA00D1E96E /* DotBadgeView.swift in Sources */,
				319CE1422115990200347092 /* MainTabViewController.swift in Sources */,
				319A26B3212675A000769A6E /* ActionSheet.swift in Sources */,
				315E0D5C2121C60D0068924A /* ViewController+Extended.swift in Sources */,
				310FB07B2128442400C917E7 /* FaqTableViewCell.swift in Sources */,
				310CC240213D95EB0091AADF /* PaddingLabel.swift in Sources */,
				310FB06F2127B8F600C917E7 /* PaddingTextField.swift in Sources */,
				31BE63D12115D26000E43982 /* NVActivityIndicatorView+Extended.swift in Sources */,
				315E0D57212192C40068924A /* UserDeviceInfo.swift in Sources */,
				31C7355A213722B3009E8241 /* ChatRoomListViewController.swift in Sources */,
				3168A0672118898A002B0440 /* ProfileEditTableViewController.swift in Sources */,
				317EDDDB21396C9F00A7B651 /* ChatRoomListCell.swift in Sources */,
				311017A22120932500E6B343 /* CircleSexButton.swift in Sources */,
				310FB0592126F49C00C917E7 /* HomeViewController.swift in Sources */,
				310A6BA021206C460026A412 /* AccountData.swift in Sources */,
				310FB05521269E0100C917E7 /* UITextField+Extended.swift in Sources */,
				31386D7421324C5E008E82D0 /* ChatRoom.swift in Sources */,
				319A26B0212675A000769A6E /* Alert.swift in Sources */,
				318108AE211584FD00C10946 /* PagingMenuControllerCustomizable.swift in Sources */,
				31BE63D32115D2E300E43982 /* UIColor+Extended.swift in Sources */,
				3150B9FF2113373900DB3512 /* AppDelegate.swift in Sources */,
				315E0D5A2121ACBB0068924A /* ProfileEditViewModel.swift in Sources */,
				319A26B2212675A000769A6E /* Authorization.swift in Sources */,
				318108A9211584FD00C10946 /* PagingMenuController.swift in Sources */,
				318108AD211584FD00C10946 /* MenuViewCustomizable.swift in Sources */,
				31386D7E2132E156008E82D0 /* Array+Extended.swift in Sources */,
				310FB0572126F30100C917E7 /* UIWindow+Extended.swift in Sources */,
				310A6B9E212064AE0026A412 /* UIButton+Extended.swift in Sources */,
				310FB0712127BA4E00C917E7 /* UnderlineTextField.swift in Sources */,
				310FB06721272CE700C917E7 /* PrivacyViewController.swift in Sources */,
				310FB074212800EA00C917E7 /* ArticleTableViewCell.swift in Sources */,
				31386D6B21324718008E82D0 /* R.generated.swift in Sources */,
				31B707C5213A384C00A2D95E /* UserBlocked.swift in Sources */,
				3177545421400CCB0055AC5E /* ChatMessageKitCell.swift in Sources */,
				31B707CF213A931500A2D95E /* BlockListCell.swift in Sources */,
				31BE63DF2115F10D00E43982 /* SettingTableViewController.swift in Sources */,
				317EDDDD21396ED100A7B651 /* UITableView+Extended.swift in Sources */,
				310FB05D2126F6EC00C917E7 /* WriteViewController.swift in Sources */,
				3168A0702119BA54002B0440 /* Message.swift in Sources */,
				310A6B9A212063420026A412 /* CALayer+RuntimeAttribute.swift in Sources */,
				319A26B4212675A000769A6E /* PhotoRequester.swift in Sources */,
				310A6B98211FD0850026A412 /* CircleButton.swift in Sources */,
				318108AC211584FD00C10946 /* Pagable.swift in Sources */,
				31ED9E12212DB9FA00D1E96E /* ChatMessageViewController.swift in Sources */,
				3168A07B2119C41C002B0440 /* LoginUser.swift in Sources */,
				3168A06E2119BA29002B0440 /* Person.swift in Sources */,
				31B707C3213A384000A2D95E /* UserBlock.swift in Sources */,
				31BE63DA2115ECA800E43982 /* MyProfileViewController.swift in Sources */,
				31775459214010700055AC5E /* UIImageView+Extended.swift in Sources */,
				318108A7211584FD00C10946 /* MenuItemView.swift in Sources */,
			);
			runOnlyForDeploymentPostprocessing = 0;
		};
/* End PBXSourcesBuildPhase section */

/* Begin PBXVariantGroup section */
		3150BA022113373900DB3512 /* Main.storyboard */ = {
			isa = PBXVariantGroup;
			children = (
				3150BA032113373900DB3512 /* Base */,
			);
			name = Main.storyboard;
			sourceTree = "<group>";
		};
		3150BA072113373A00DB3512 /* LaunchScreen.storyboard */ = {
			isa = PBXVariantGroup;
			children = (
				3150BA082113373A00DB3512 /* Base */,
			);
			name = LaunchScreen.storyboard;
			sourceTree = "<group>";
		};
/* End PBXVariantGroup section */

/* Begin XCBuildConfiguration section */
		3150BA0B2113373A00DB3512 /* Debug */ = {
			isa = XCBuildConfiguration;
			buildSettings = {
				ALWAYS_SEARCH_USER_PATHS = NO;
				CLANG_ANALYZER_NONNULL = YES;
				CLANG_ANALYZER_NUMBER_OBJECT_CONVERSION = YES_AGGRESSIVE;
				CLANG_CXX_LANGUAGE_STANDARD = "gnu++14";
				CLANG_CXX_LIBRARY = "libc++";
				CLANG_ENABLE_MODULES = YES;
				CLANG_ENABLE_OBJC_ARC = YES;
				CLANG_ENABLE_OBJC_WEAK = YES;
				CLANG_WARN_BLOCK_CAPTURE_AUTORELEASING = YES;
				CLANG_WARN_BOOL_CONVERSION = YES;
				CLANG_WARN_COMMA = YES;
				CLANG_WARN_CONSTANT_CONVERSION = YES;
				CLANG_WARN_DEPRECATED_OBJC_IMPLEMENTATIONS = YES;
				CLANG_WARN_DIRECT_OBJC_ISA_USAGE = YES_ERROR;
				CLANG_WARN_DOCUMENTATION_COMMENTS = YES;
				CLANG_WARN_EMPTY_BODY = YES;
				CLANG_WARN_ENUM_CONVERSION = YES;
				CLANG_WARN_INFINITE_RECURSION = YES;
				CLANG_WARN_INT_CONVERSION = YES;
				CLANG_WARN_NON_LITERAL_NULL_CONVERSION = YES;
				CLANG_WARN_OBJC_IMPLICIT_RETAIN_SELF = YES;
				CLANG_WARN_OBJC_LITERAL_CONVERSION = YES;
				CLANG_WARN_OBJC_ROOT_CLASS = YES_ERROR;
				CLANG_WARN_RANGE_LOOP_ANALYSIS = YES;
				CLANG_WARN_STRICT_PROTOTYPES = YES;
				CLANG_WARN_SUSPICIOUS_MOVE = YES;
				CLANG_WARN_UNGUARDED_AVAILABILITY = YES_AGGRESSIVE;
				CLANG_WARN_UNREACHABLE_CODE = YES;
				CLANG_WARN__DUPLICATE_METHOD_MATCH = YES;
				CODE_SIGN_IDENTITY = "iPhone Developer";
				COPY_PHASE_STRIP = NO;
				DEBUG_INFORMATION_FORMAT = dwarf;
				ENABLE_STRICT_OBJC_MSGSEND = YES;
				ENABLE_TESTABILITY = YES;
				GCC_C_LANGUAGE_STANDARD = gnu11;
				GCC_DYNAMIC_NO_PIC = NO;
				GCC_NO_COMMON_BLOCKS = YES;
				GCC_OPTIMIZATION_LEVEL = 0;
				GCC_PREPROCESSOR_DEFINITIONS = (
					"DEBUG=1",
					"$(inherited)",
				);
				GCC_WARN_64_TO_32_BIT_CONVERSION = YES;
				GCC_WARN_ABOUT_RETURN_TYPE = YES_ERROR;
				GCC_WARN_UNDECLARED_SELECTOR = YES;
				GCC_WARN_UNINITIALIZED_AUTOS = YES_AGGRESSIVE;
				GCC_WARN_UNUSED_FUNCTION = YES;
				GCC_WARN_UNUSED_VARIABLE = YES;
				IPHONEOS_DEPLOYMENT_TARGET = 11.4;
				MTL_ENABLE_DEBUG_INFO = YES;
				ONLY_ACTIVE_ARCH = YES;
				PRODUCT_NAME = "P-Chat!";
				SDKROOT = iphoneos;
				SWIFT_ACTIVE_COMPILATION_CONDITIONS = DEBUG;
				SWIFT_OPTIMIZATION_LEVEL = "-Onone";
			};
			name = Debug;
		};
		3150BA0C2113373A00DB3512 /* Release */ = {
			isa = XCBuildConfiguration;
			buildSettings = {
				ALWAYS_SEARCH_USER_PATHS = NO;
				CLANG_ANALYZER_NONNULL = YES;
				CLANG_ANALYZER_NUMBER_OBJECT_CONVERSION = YES_AGGRESSIVE;
				CLANG_CXX_LANGUAGE_STANDARD = "gnu++14";
				CLANG_CXX_LIBRARY = "libc++";
				CLANG_ENABLE_MODULES = YES;
				CLANG_ENABLE_OBJC_ARC = YES;
				CLANG_ENABLE_OBJC_WEAK = YES;
				CLANG_WARN_BLOCK_CAPTURE_AUTORELEASING = YES;
				CLANG_WARN_BOOL_CONVERSION = YES;
				CLANG_WARN_COMMA = YES;
				CLANG_WARN_CONSTANT_CONVERSION = YES;
				CLANG_WARN_DEPRECATED_OBJC_IMPLEMENTATIONS = YES;
				CLANG_WARN_DIRECT_OBJC_ISA_USAGE = YES_ERROR;
				CLANG_WARN_DOCUMENTATION_COMMENTS = YES;
				CLANG_WARN_EMPTY_BODY = YES;
				CLANG_WARN_ENUM_CONVERSION = YES;
				CLANG_WARN_INFINITE_RECURSION = YES;
				CLANG_WARN_INT_CONVERSION = YES;
				CLANG_WARN_NON_LITERAL_NULL_CONVERSION = YES;
				CLANG_WARN_OBJC_IMPLICIT_RETAIN_SELF = YES;
				CLANG_WARN_OBJC_LITERAL_CONVERSION = YES;
				CLANG_WARN_OBJC_ROOT_CLASS = YES_ERROR;
				CLANG_WARN_RANGE_LOOP_ANALYSIS = YES;
				CLANG_WARN_STRICT_PROTOTYPES = YES;
				CLANG_WARN_SUSPICIOUS_MOVE = YES;
				CLANG_WARN_UNGUARDED_AVAILABILITY = YES_AGGRESSIVE;
				CLANG_WARN_UNREACHABLE_CODE = YES;
				CLANG_WARN__DUPLICATE_METHOD_MATCH = YES;
				CODE_SIGN_IDENTITY = "iPhone Developer";
				COPY_PHASE_STRIP = NO;
				DEBUG_INFORMATION_FORMAT = "dwarf-with-dsym";
				ENABLE_NS_ASSERTIONS = NO;
				ENABLE_STRICT_OBJC_MSGSEND = YES;
				GCC_C_LANGUAGE_STANDARD = gnu11;
				GCC_NO_COMMON_BLOCKS = YES;
				GCC_WARN_64_TO_32_BIT_CONVERSION = YES;
				GCC_WARN_ABOUT_RETURN_TYPE = YES_ERROR;
				GCC_WARN_UNDECLARED_SELECTOR = YES;
				GCC_WARN_UNINITIALIZED_AUTOS = YES_AGGRESSIVE;
				GCC_WARN_UNUSED_FUNCTION = YES;
				GCC_WARN_UNUSED_VARIABLE = YES;
				IPHONEOS_DEPLOYMENT_TARGET = 11.4;
				MTL_ENABLE_DEBUG_INFO = NO;
				PRODUCT_NAME = "P-Chat!";
				SDKROOT = iphoneos;
				SWIFT_COMPILATION_MODE = wholemodule;
				SWIFT_OPTIMIZATION_LEVEL = "-O";
				VALIDATE_PRODUCT = YES;
			};
			name = Release;
		};
		3150BA0E2113373A00DB3512 /* Debug */ = {
			isa = XCBuildConfiguration;
			baseConfigurationReference = E15E1663A1809759D65A8D97 /* Pods-PlateChat.debug.xcconfig */;
			buildSettings = {
				ASSETCATALOG_COMPILER_APPICON_NAME = AppIcon;
				CODE_SIGN_ENTITLEMENTS = PlateChat/PlateChat.entitlements;
				CODE_SIGN_IDENTITY = "iPhone Developer";
				CODE_SIGN_STYLE = Automatic;
				DEVELOPMENT_TEAM = U5LW6HVD99;
				FRAMEWORK_SEARCH_PATHS = (
					"$(inherited)",
					"$(PROJECT_DIR)/Carthage/Build/iOS",
				);
				INFOPLIST_FILE = PlateChat/Info.plist;
				LD_RUNPATH_SEARCH_PATHS = (
					"$(inherited)",
					"@executable_path/Frameworks",
				);
				PRODUCT_BUNDLE_IDENTIFIER = "net.deskplate.PlateChat-dev";
				PRODUCT_NAME = "P-Chat!";
				PROVISIONING_PROFILE = "";
				PROVISIONING_PROFILE_SPECIFIER = "";
				SWIFT_VERSION = 4.0;
				TARGETED_DEVICE_FAMILY = "1,2";
			};
			name = Debug;
		};
		3150BA0F2113373A00DB3512 /* Release */ = {
			isa = XCBuildConfiguration;
			baseConfigurationReference = A5433E5221739569E6C884E5 /* Pods-PlateChat.release.xcconfig */;
			buildSettings = {
				ASSETCATALOG_COMPILER_APPICON_NAME = AppIcon;
				CODE_SIGN_ENTITLEMENTS = PlateChat/PlateChat.entitlements;
				CODE_SIGN_IDENTITY = "iPhone Developer";
				CODE_SIGN_STYLE = Automatic;
				DEVELOPMENT_TEAM = U5LW6HVD99;
				FRAMEWORK_SEARCH_PATHS = (
					"$(inherited)",
					"$(PROJECT_DIR)/Carthage/Build/iOS",
				);
				INFOPLIST_FILE = PlateChat/Info.plist;
				LD_RUNPATH_SEARCH_PATHS = (
					"$(inherited)",
					"@executable_path/Frameworks",
				);
				PRODUCT_BUNDLE_IDENTIFIER = "net.deskplate.PlateChat-dev";
				PRODUCT_NAME = "P-Chat!";
				PROVISIONING_PROFILE = "";
				PROVISIONING_PROFILE_SPECIFIER = "";
				SWIFT_VERSION = 4.0;
				TARGETED_DEVICE_FAMILY = "1,2";
			};
			name = Release;
		};
/* End XCBuildConfiguration section */

/* Begin XCConfigurationList section */
		3150B9F62113373900DB3512 /* Build configuration list for PBXProject "PlateChat" */ = {
			isa = XCConfigurationList;
			buildConfigurations = (
				3150BA0B2113373A00DB3512 /* Debug */,
				3150BA0C2113373A00DB3512 /* Release */,
			);
			defaultConfigurationIsVisible = 0;
			defaultConfigurationName = Release;
		};
		3150BA0D2113373A00DB3512 /* Build configuration list for PBXNativeTarget "PlateChat" */ = {
			isa = XCConfigurationList;
			buildConfigurations = (
				3150BA0E2113373A00DB3512 /* Debug */,
				3150BA0F2113373A00DB3512 /* Release */,
			);
			defaultConfigurationIsVisible = 0;
			defaultConfigurationName = Release;
		};
/* End XCConfigurationList section */
	};
	rootObject = 3150B9F32113373900DB3512 /* Project object */;
}
